// !$*UTF8*$!
{
	archiveVersion = 1;
	classes = {
	};
	objectVersion = 63;
	objects = {

/* Begin PBXBuildFile section */
		001585210901F9EB3FB57EBD /* TestFixtures.swift in Sources */ = {isa = PBXBuildFile; fileRef = 27ED800FF518D798650B77FF /* TestFixtures.swift */; };
		01A9E1A7336DDAB9C932AC02 /* BrowserToolsIntegrationTests.swift in Sources */ = {isa = PBXBuildFile; fileRef = 2ECAFF7E85B73601A6398012 /* BrowserToolsIntegrationTests.swift */; };
		041D42BE1BCEE26F24F684A2 /* AppleScriptBackendDialectTests.swift in Sources */ = {isa = PBXBuildFile; fileRef = 5323EF5FDA17878FE62AE7F7 /* AppleScriptBackendDialectTests.swift */; };
		04674CEC4A6624A302E94A26 /* JSONValue.swift in Sources */ = {isa = PBXBuildFile; fileRef = 56E5407EB529390105E9A21C /* JSONValue.swift */; };
		048027A19F7EBF6AACEAB84E /* MockAPIClient.swift in Sources */ = {isa = PBXBuildFile; fileRef = 79517505C52F17AE2A9EFA7D /* MockAPIClient.swift */; };
		05258E05DFD1D20122086594 /* CDPTypes.swift in Sources */ = {isa = PBXBuildFile; fileRef = B8183E1FEACF5CE626CEECE7 /* CDPTypes.swift */; };
		093A42A484ED380600B82C42 /* streaming_text.txt in Resources */ = {isa = PBXBuildFile; fileRef = 8068C4D2E12754D2CF41715A /* streaming_text.txt */; };
		09D98939BEBDB3C106CB5FF4 /* AppleScriptBackend.swift in Sources */ = {isa = PBXBuildFile; fileRef = F6C9E154D66D73C20B91CE02 /* AppleScriptBackend.swift */; };
		0A45EB0D12D636B15F174FD4 /* BrowserTypeTool.swift in Sources */ = {isa = PBXBuildFile; fileRef = 18AC9530CE2C9A2EF78B1778 /* BrowserTypeTool.swift */; };
		0B8AD96C2B37E4835003349E /* ClipboardToolTests.swift in Sources */ = {isa = PBXBuildFile; fileRef = 94113B31DBCED49108F09CF5 /* ClipboardToolTests.swift */; };
		0BCAD0604D6A3D4A919FAEC6 /* BrowserDetector.swift in Sources */ = {isa = PBXBuildFile; fileRef = D8AC26A4F3473F3827817D5B /* BrowserDetector.swift */; };
		0ED60C5D582342D73B168262 /* ChatViewModel.swift in Sources */ = {isa = PBXBuildFile; fileRef = 7FC4C228DE443A1C69669599 /* ChatViewModel.swift */; };
		0F2C75CED6774DFB30FC98DD /* ClipboardReadTool.swift in Sources */ = {isa = PBXBuildFile; fileRef = AC21BB15620375F08C36FBDE /* ClipboardReadTool.swift */; };
		12591532333C6399E247D2CE /* Assets.xcassets in Resources */ = {isa = PBXBuildFile; fileRef = 4A70B28CBDA5404EBBA3CD91 /* Assets.xcassets */; };
		1294A05A606CE2B1F13997EC /* MouseMoveToolTests.swift in Sources */ = {isa = PBXBuildFile; fileRef = C9564FA59C24D1FB21218E3D /* MouseMoveToolTests.swift */; };
		13CF468FC069169AFB0A6006 /* BrowserErrorLocalizationTests.swift in Sources */ = {isa = PBXBuildFile; fileRef = 185F8E6CFF7DC4283A3765DC /* BrowserErrorLocalizationTests.swift */; };
		146C6CC353A4C4F122503607 /* BrowserFindElementTool.swift in Sources */ = {isa = PBXBuildFile; fileRef = 1789BC6F98870EC28D37D2AD /* BrowserFindElementTool.swift */; };
		16CDF119BA028D0001A4C633 /* ScreenshotToolsIntegrationTests.swift in Sources */ = {isa = PBXBuildFile; fileRef = A6D0AAD1FDE6EB40E51D8A26 /* ScreenshotToolsIntegrationTests.swift */; };
		18E0BD90DA59AC2CA56D1A74 /* APIClient.swift in Sources */ = {isa = PBXBuildFile; fileRef = AE6D5AED37A821C053577002 /* APIClient.swift */; };
		21876B3A22F5E6F1423C6626 /* BrowserNavigateTool.swift in Sources */ = {isa = PBXBuildFile; fileRef = C3157969B8B82FEA748327D2 /* BrowserNavigateTool.swift */; };
		220089A18CA3D0447C4B33B5 /* MockCDPDiscovery.swift in Sources */ = {isa = PBXBuildFile; fileRef = 6F3B4A5D21890EA455782F33 /* MockCDPDiscovery.swift */; };
		220D450427408061718D1B0E /* FileReadToolTests.swift in Sources */ = {isa = PBXBuildFile; fileRef = 0E091209538E545B6CBA6E75 /* FileReadToolTests.swift */; };
		2269E075A939B903EE6965E9 /* CDPDiscovery.swift in Sources */ = {isa = PBXBuildFile; fileRef = DEDEE1224CC44CB40F5EDA70 /* CDPDiscovery.swift */; };
		25283CD174E258DC98D39348 /* MouseMoveTool.swift in Sources */ = {isa = PBXBuildFile; fileRef = 6EAB7333EBE254265FD9399C /* MouseMoveTool.swift */; };
		265446482BA8F4C1C16D242B /* BrowserRouterTests.swift in Sources */ = {isa = PBXBuildFile; fileRef = A5621CAEF4A3A4673826977D /* BrowserRouterTests.swift */; };
		27918F66C9905D8EA0C880A0 /* BrowserClickTool.swift in Sources */ = {isa = PBXBuildFile; fileRef = 79BDDD2C56007DDDAC77123E /* BrowserClickTool.swift */; };
		28139761138B21B8102A8500 /* KeyboardShortcutToolTests.swift in Sources */ = {isa = PBXBuildFile; fileRef = B5C6D68AD251C6B6AFE89B15 /* KeyboardShortcutToolTests.swift */; };
		28EF9A8E0A0DCAF58F4A26AB /* error_response.json in Resources */ = {isa = PBXBuildFile; fileRef = 892AD5B1EB417F3589E3EDC0 /* error_response.json */; };
		2B982DA7FBC0EEDC988D7E07 /* KeychainHelperTests.swift in Sources */ = {isa = PBXBuildFile; fileRef = D649DDF0ED8B1DFE1A9EA1B7 /* KeychainHelperTests.swift */; };
		2BB059D0C28914D5913480E5 /* MockPolicyEngine.swift in Sources */ = {isa = PBXBuildFile; fileRef = BDE2DBF998795A4D114FD618 /* MockPolicyEngine.swift */; };
		2BD848A6EB981A2D34EF1003 /* MockAccessibilityService.swift in Sources */ = {isa = PBXBuildFile; fileRef = 16D2BFD708A760D414B2AABC /* MockAccessibilityService.swift */; };
		2D3382DAD23A8817DAF96074 /* MockModelProviderTests.swift in Sources */ = {isa = PBXBuildFile; fileRef = 7DA7BB696E12E4F155762A3D /* MockModelProviderTests.swift */; };
		2D5C6116A5ACB75B1D80E0F8 /* ToolRegistry.swift in Sources */ = {isa = PBXBuildFile; fileRef = 0816F19632B71EDEFD239AF6 /* ToolRegistry.swift */; };
		2F7457ECF1AB0CE2865F5E14 /* CGEventInputService.swift in Sources */ = {isa = PBXBuildFile; fileRef = AC4FBECE30BD9D9165CA9EAF /* CGEventInputService.swift */; };
		2FEB523D944A3E913C2E809E /* CDPBackendProtocol.swift in Sources */ = {isa = PBXBuildFile; fileRef = DE3E1C6843682A5F01DE51A5 /* CDPBackendProtocol.swift */; };
		3061559AEF5AB69B4C236B19 /* text_response.json in Resources */ = {isa = PBXBuildFile; fileRef = CE4ED474984ABA4154FA49EC /* text_response.json */; };
		3484E2C96443372C34561D38 /* MockOrchestrator.swift in Sources */ = {isa = PBXBuildFile; fileRef = 600C5DE182FB12612D924EBA /* MockOrchestrator.swift */; };
		36A69B470B414FB117BBFF90 /* Sparkle in Frameworks */ = {isa = PBXBuildFile; productRef = ABC69980C1896394985E921D /* Sparkle */; };
		3867EB97503F2CE61C1513B5 /* BrowserRouterFallbackTests.swift in Sources */ = {isa = PBXBuildFile; fileRef = 30F25021316381064720C666 /* BrowserRouterFallbackTests.swift */; };
		394E855DFC4FCBC943C6F23D /* mixed_response.json in Resources */ = {isa = PBXBuildFile; fileRef = 34C8F7D19BB0D71B397BFF14 /* mixed_response.json */; };
		3AB847BB51C251F009221A99 /* CDPBackendImpl.swift in Sources */ = {isa = PBXBuildFile; fileRef = 1F00ADD055EE30BAC94E2BE7 /* CDPBackendImpl.swift */; };
		42CA9AB06060DF4F5AB8D9EA /* ContextLockChecker.swift in Sources */ = {isa = PBXBuildFile; fileRef = 99DB002505469893045E056A /* ContextLockChecker.swift */; };
		436616DA8A7403B274E4BB52 /* SessionLogger.swift in Sources */ = {isa = PBXBuildFile; fileRef = 722183783871F71C6ED2A6E4 /* SessionLogger.swift */; };
		4417A1CCFDEE389AB47EF8E7 /* PolicyEngineTests.swift in Sources */ = {isa = PBXBuildFile; fileRef = 344D9A2DB5CAE8393362D893 /* PolicyEngineTests.swift */; };
		46031634DE95326D783DCBBB /* ScreenshotCacheTests.swift in Sources */ = {isa = PBXBuildFile; fileRef = 1B0ACCE29E3080DA16522FDD /* ScreenshotCacheTests.swift */; };
		48A93EE51E1826EE00E0322E /* VisionAnalyzeToolTests.swift in Sources */ = {isa = PBXBuildFile; fileRef = 58FAC20571830A870AB6FB40 /* VisionAnalyzeToolTests.swift */; };
		491ED461C1DE01800963D737 /* ScreenshotCache.swift in Sources */ = {isa = PBXBuildFile; fileRef = 2AD4D2126429396AAD9E9876 /* ScreenshotCache.swift */; };
		4DF8EFE6A7852A9F327DA816 /* ToolRegistryImpl.swift in Sources */ = {isa = PBXBuildFile; fileRef = A4632E220CA512AF299E5A09 /* ToolRegistryImpl.swift */; };
		5003538F5D335AD8BCF4C386 /* InputSanitizer.swift in Sources */ = {isa = PBXBuildFile; fileRef = F41967127F013DC822CC5370 /* InputSanitizer.swift */; };
		502F996141AA840E89B243AC /* FileSearchTool.swift in Sources */ = {isa = PBXBuildFile; fileRef = D6ADF9F2A2D1F55CFEA2EDA3 /* FileSearchTool.swift */; };
		545D9B5E07F69C1206C0B5A1 /* AccessibilityServiceActionTests.swift in Sources */ = {isa = PBXBuildFile; fileRef = A5379043D77D3F4F3579340E /* AccessibilityServiceActionTests.swift */; };
		5583262A258764BECFA9DD8E /* URLSessionCDPTransport.swift in Sources */ = {isa = PBXBuildFile; fileRef = 092F094706478F21401F3B96 /* URLSessionCDPTransport.swift */; };
		55C4222E83F0F1787EF16DE2 /* MessageBubbleView.swift in Sources */ = {isa = PBXBuildFile; fileRef = 3A01DF2685B896690AE04C1E /* MessageBubbleView.swift */; };
		579668786B500A5EEFA57E6B /* CDPTransport.swift in Sources */ = {isa = PBXBuildFile; fileRef = 14F1FC7A43B706F01D7A0C49 /* CDPTransport.swift */; };
		58918C991FF9F6F4917F303E /* AppDelegate.swift in Sources */ = {isa = PBXBuildFile; fileRef = 9A8223EDDEA841076ABE2661 /* AppDelegate.swift */; };
		5B5BD891A7D47E9D38D404D0 /* AXProviding.swift in Sources */ = {isa = PBXBuildFile; fileRef = EDA289814A4A7F747E76AA07 /* AXProviding.swift */; };
		5DE1EC1A8FBA3587F474FBDB /* BuiltInToolsIntegrationTests.swift in Sources */ = {isa = PBXBuildFile; fileRef = 42E4972217D74F66E5609F31 /* BuiltInToolsIntegrationTests.swift */; };
		5FDDE2FF10F815F52664113A /* PolicyEngine.swift in Sources */ = {isa = PBXBuildFile; fileRef = 21BAFF8CCA6485D3EE2D9234 /* PolicyEngine.swift */; };
		600750DFCF671E4920EEAEE3 /* SystemInfoToolTests.swift in Sources */ = {isa = PBXBuildFile; fileRef = E5AAD0165639079EA973DF6C /* SystemInfoToolTests.swift */; };
		62808B511820269F6BEC4428 /* PlaceholderTests.swift in Sources */ = {isa = PBXBuildFile; fileRef = B96A54035B484E6C43DEEE82 /* PlaceholderTests.swift */; };
		6282667D1AC2BCABA8CB6923 /* AccessibilityService.swift in Sources */ = {isa = PBXBuildFile; fileRef = 05696F1F07EA6791053C9714 /* AccessibilityService.swift */; };
		632BCAD08A6B8073A1625C35 /* GetUIStateToolTests.swift in Sources */ = {isa = PBXBuildFile; fileRef = 11A58D29AF6FCBC3A9156325 /* GetUIStateToolTests.swift */; };
		644D65FBAA21CEA3AF468D76 /* BrowserError.swift in Sources */ = {isa = PBXBuildFile; fileRef = CB2EECCF22DC2C4ABEC2099B /* BrowserError.swift */; };
		6589FD2E3DEC53501DC0E997 /* ToolExecutor.swift in Sources */ = {isa = PBXBuildFile; fileRef = F9EE558CD3E3DEEE5CEBB5BB /* ToolExecutor.swift */; };
		66D365D8B4581B22ACDD9554 /* UISnapshotFormatter.swift in Sources */ = {isa = PBXBuildFile; fileRef = 051F394ECB5B50F887E805DC /* UISnapshotFormatter.swift */; };
		66DE023E4A4328609C0ADD79 /* ContextLockCheckerTests.swift in Sources */ = {isa = PBXBuildFile; fileRef = 599241DE1FA16EE9CF9671CE /* ContextLockCheckerTests.swift */; };
		6747C9AC80DD5D725ECA6D94 /* ChatInputView.swift in Sources */ = {isa = PBXBuildFile; fileRef = A5ED00994029DA842B821890 /* ChatInputView.swift */; };
		67C56D87276E77958C03BEF6 /* FileWriteToolTests.swift in Sources */ = {isa = PBXBuildFile; fileRef = F5F5D92FC8737B51882E6FE5 /* FileWriteToolTests.swift */; };
		6CF41824E169FD7BCF08E1FA /* SchemaValidator.swift in Sources */ = {isa = PBXBuildFile; fileRef = B0FD1D66358A39EB555EEBDA /* SchemaValidator.swift */; };
		6D9F6C2F5EFA26E88CBF6E98 /* ScreenshotProviding.swift in Sources */ = {isa = PBXBuildFile; fileRef = C91AFB4D30A0C274863ACA8C /* ScreenshotProviding.swift */; };
		6E07D3EDB33B23CE349D31FD /* FileReadTool.swift in Sources */ = {isa = PBXBuildFile; fileRef = 8174567B0D0286B821735DCD /* FileReadTool.swift */; };
		6FB3F478B609DC31D5116875 /* MockKeychainHelper.swift in Sources */ = {isa = PBXBuildFile; fileRef = D154E40E08B126B3BEB1E6E3 /* MockKeychainHelper.swift */; };
		73FE72E8FD9B5E0BAFCCC503 /* AXFindTool.swift in Sources */ = {isa = PBXBuildFile; fileRef = ED3B67982CAA5E4654451C23 /* AXFindTool.swift */; };
		757D24A9BEC175AD6FA150B1 /* MockSessionLogger.swift in Sources */ = {isa = PBXBuildFile; fileRef = F9A875DE4EFAEAB05AAF700C /* MockSessionLogger.swift */; };
		764F9995D3226A6A14ECA5CA /* ConfirmationDialog.swift in Sources */ = {isa = PBXBuildFile; fileRef = FE2AF6E7272DB2C0F462FFDC /* ConfirmationDialog.swift */; };
		77E6E63DA1FC09C1D7EE9AB6 /* MockBrowserBackend.swift in Sources */ = {isa = PBXBuildFile; fileRef = E22FAD8EDB1F718A230DC309 /* MockBrowserBackend.swift */; };
		7947C447A72D167E1477C6A2 /* UIStateCacheTests.swift in Sources */ = {isa = PBXBuildFile; fileRef = 351FC30BE4F4E27D6D13EB66 /* UIStateCacheTests.swift */; };
		79F78AEDFD24C6E80F1CAFE8 /* streaming_tool_use.txt in Resources */ = {isa = PBXBuildFile; fileRef = 1434B7C47B4D6A20518E78BD /* streaming_tool_use.txt */; };
		7A4CAC1D9D293886B488CC2A /* AXToolsIntegrationTests.swift in Sources */ = {isa = PBXBuildFile; fileRef = 15EA50969E93DC537D2CCBFE /* AXToolsIntegrationTests.swift */; };
		7F3972F2C30E4214D16BB76A /* ScreenshotTool.swift in Sources */ = {isa = PBXBuildFile; fileRef = 84961ADC10DD1E048FDAEA45 /* ScreenshotTool.swift */; };
		7FF1402EAA20A6F5449F1343 /* KeyboardShortcuts in Frameworks */ = {isa = PBXBuildFile; productRef = D3B487FF07E678A7DB166CC8 /* KeyboardShortcuts */; };
		843287DA75E6C25F8FC08B72 /* Orchestrator.swift in Sources */ = {isa = PBXBuildFile; fileRef = 6C91C45A95EB030B1D1069D2 /* Orchestrator.swift */; };
		850A432F9A331228F63FC3A0 /* BrowserDetecting.swift in Sources */ = {isa = PBXBuildFile; fileRef = BB659995C7E2F7824EB496EF /* BrowserDetecting.swift */; };
		87D45D9FAEF3CD2A6191C932 /* WindowManageToolTests.swift in Sources */ = {isa = PBXBuildFile; fileRef = BBDC276B425F0843B929C8E9 /* WindowManageToolTests.swift */; };
		88870D46FF307C2F49004E32 /* StatusIndicatorView.swift in Sources */ = {isa = PBXBuildFile; fileRef = 863CC96D7DCCF5F3AA63A376 /* StatusIndicatorView.swift */; };
		88DDB80C7F97FB0FD2B77199 /* SystemAXProvider.swift in Sources */ = {isa = PBXBuildFile; fileRef = C25F91FB7FBB80423FD4A6C6 /* SystemAXProvider.swift */; };
		8914FAA63E5D6F8EDAAACA68 /* AppListTool.swift in Sources */ = {isa = PBXBuildFile; fileRef = E7DA9E0C1C94FADF6139AB0C /* AppListTool.swift */; };
		89D61B3DBE3F3681F3FAFD83 /* FileWriteTool.swift in Sources */ = {isa = PBXBuildFile; fileRef = 3CD79563AD7931122DACD108 /* FileWriteTool.swift */; };
		90EB21024BF9F59440C8BBB4 /* KeyCodeMap.swift in Sources */ = {isa = PBXBuildFile; fileRef = BD23528D2153E2DFA0C523B1 /* KeyCodeMap.swift */; };
		94307DD72D24C05AF7E3FAF4 /* KeyCodeMapTests.swift in Sources */ = {isa = PBXBuildFile; fileRef = 659F2874B86BA8482BECD788 /* KeyCodeMapTests.swift */; };
		94A058CDDFC880010A57082F /* BrowserGetURLTool.swift in Sources */ = {isa = PBXBuildFile; fileRef = FF1B72F1AA08A00427463800 /* BrowserGetURLTool.swift */; };
		98B9C14D05316F2E9F73F533 /* AppOpenToolTests.swift in Sources */ = {isa = PBXBuildFile; fileRef = 9EC825F42464E3BA676E4E13 /* AppOpenToolTests.swift */; };
		995B10E69FB4C98AD750B50A /* CDPErrorLocalizationTests.swift in Sources */ = {isa = PBXBuildFile; fileRef = 21FDB4C83E8558FBC166685D /* CDPErrorLocalizationTests.swift */; };
		9C296171C97E600E3C19E873 /* APIClientTests.swift in Sources */ = {isa = PBXBuildFile; fileRef = F93EE674D02B5D9EC3C2571B /* APIClientTests.swift */; };
		9D15B0DC8CAA3219E8D19E25 /* KeyboardShortcutTool.swift in Sources */ = {isa = PBXBuildFile; fileRef = C7628BB70E3A71A894ACFF9A /* KeyboardShortcutTool.swift */; };
		9D48594C4779990F7F5B15A6 /* OrchestratorImpl.swift in Sources */ = {isa = PBXBuildFile; fileRef = 5EE08BDDDE6CE5B2631CC875 /* OrchestratorImpl.swift */; };
		9E475E46A9DF0728740CEA78 /* FileSearchToolTests.swift in Sources */ = {isa = PBXBuildFile; fileRef = 2D02F8A2B8810D35EA143730 /* FileSearchToolTests.swift */; };
		9F19780AC2404E3DF96E4C27 /* AppOpenTool.swift in Sources */ = {isa = PBXBuildFile; fileRef = 82C17AC953073F46487AA0E2 /* AppOpenTool.swift */; };
		9F5F115836A701822C3B2177 /* AXActionToolTests.swift in Sources */ = {isa = PBXBuildFile; fileRef = 7961ECF7CE836EC4D622077B /* AXActionToolTests.swift */; };
		A180F871D25A95ED4D269941 /* ChatTypes.swift in Sources */ = {isa = PBXBuildFile; fileRef = AB900F31A9B51ED2E500A8F8 /* ChatTypes.swift */; };
		A4242ABF8E6F7536D99BD38E /* WindowListToolTests.swift in Sources */ = {isa = PBXBuildFile; fileRef = B533DFB4A1381D5966D7C532 /* WindowListToolTests.swift */; };
		A622A278BE0E8E3733F1D189 /* LoggerTests.swift in Sources */ = {isa = PBXBuildFile; fileRef = 2C5073F27304B48891B26900 /* LoggerTests.swift */; };
		A6947660D59E8EB3C65A4B01 /* WindowListTool.swift in Sources */ = {isa = PBXBuildFile; fileRef = 24590D9C0AD7807F91BFE3BD /* WindowListTool.swift */; };
		A7434281B010CF45D7FD6B0B /* MockBrowserDetector.swift in Sources */ = {isa = PBXBuildFile; fileRef = 7A20D04516F05147DB2D054D /* MockBrowserDetector.swift */; };
		A7B2623213A7FA446ECADF76 /* SessionLoggerIntegrationTests.swift in Sources */ = {isa = PBXBuildFile; fileRef = 24221282E5C9ED90FB28F720 /* SessionLoggerIntegrationTests.swift */; };
		A80567E96122B08DA9195B58 /* SSEParser.swift in Sources */ = {isa = PBXBuildFile; fileRef = 12C7D2C8C515D2AC237A4D5F /* SSEParser.swift */; };
		A88548CBCF15ACDDAE8AED1E /* AnthropicProvider.swift in Sources */ = {isa = PBXBuildFile; fileRef = 914C3231A0917ADD570FF4D0 /* AnthropicProvider.swift */; };
		AA0C3A3D42FF0802F479F6FB /* KeyboardTypeToolTests.swift in Sources */ = {isa = PBXBuildFile; fileRef = A907EBF65D4C52B7404A4933 /* KeyboardTypeToolTests.swift */; };
		AB3E531E05D36CFEC6E5417C /* VisionAnalyzeTool.swift in Sources */ = {isa = PBXBuildFile; fileRef = 75369FA131C7995E23D87ED6 /* VisionAnalyzeTool.swift */; };
		AC7220297180EC75C7A31876 /* Types.swift in Sources */ = {isa = PBXBuildFile; fileRef = F99642283F003A220D69A2BD /* Types.swift */; };
		AE53585F0502F6107C96FF5D /* ChatViewModelTests.swift in Sources */ = {isa = PBXBuildFile; fileRef = 7939B72C863530E68AE5CF54 /* ChatViewModelTests.swift */; };
		AF9501AC02A099574FE85243 /* KeyboardTypeTool.swift in Sources */ = {isa = PBXBuildFile; fileRef = 3392018EE4101A4D3B02413F /* KeyboardTypeTool.swift */; };
		B0F5D12A8C4DF3086014B19A /* UIStateCache.swift in Sources */ = {isa = PBXBuildFile; fileRef = AEBA80CA963C07EF6FEA9AC2 /* UIStateCache.swift */; };
		B10F1A64AB6CF3C6C831ED03 /* MockModelProvider.swift in Sources */ = {isa = PBXBuildFile; fileRef = 2CC1E19DF55D7CF258602871 /* MockModelProvider.swift */; };
		B137D651426F66035E831162 /* ClipboardWriteTool.swift in Sources */ = {isa = PBXBuildFile; fileRef = FB0631AD0115B2765DF090E6 /* ClipboardWriteTool.swift */; };
		B2A18EBEAE885808E6A0F803 /* InputControlling.swift in Sources */ = {isa = PBXBuildFile; fileRef = F22F37D42C9F2AA293E3272A /* InputControlling.swift */; };
		B3F51330CF4BE5C7B975881E /* MockInputService.swift in Sources */ = {isa = PBXBuildFile; fileRef = 62A030E25A8CDF51D01753AC /* MockInputService.swift */; };
		B5A9B6D45858A0F7FC099921 /* BrowserBackend.swift in Sources */ = {isa = PBXBuildFile; fileRef = C4FA8FE10A5A0AD13E808A74 /* BrowserBackend.swift */; };
		B89C3B14002A7C79BADC8E0D /* UIElementSnapshot.swift in Sources */ = {isa = PBXBuildFile; fileRef = 8068E6E085EFDAD072F3449C /* UIElementSnapshot.swift */; };
		B8C7F9F7F3CCF4EA527A4972 /* JARVISApp.swift in Sources */ = {isa = PBXBuildFile; fileRef = 6EEE19D2BF51B9712E900275 /* JARVISApp.swift */; };
		B8C8980D3B2F8B5838A391BE /* WindowManageTool.swift in Sources */ = {isa = PBXBuildFile; fileRef = 8B76F3B6447F9546E5827153 /* WindowManageTool.swift */; };
		BAE0A5045468DB0507348453 /* AppleScriptDialect.swift in Sources */ = {isa = PBXBuildFile; fileRef = 33C04873526C3788A44DA4AA /* AppleScriptDialect.swift */; };
		BBC198A8242AF471D431801A /* AXFindToolTests.swift in Sources */ = {isa = PBXBuildFile; fileRef = B32007F9BB266A0F7B559CDA /* AXFindToolTests.swift */; };
		BCFECE44B18BE780066357A9 /* PolicyEngineImpl.swift in Sources */ = {isa = PBXBuildFile; fileRef = 799C609905530C17B5B62368 /* PolicyEngineImpl.swift */; };
		C0D07D93B5B531C835283069 /* SystemInfoTool.swift in Sources */ = {isa = PBXBuildFile; fileRef = 6154676E817BF4AAEF243EB6 /* SystemInfoTool.swift */; };
		C2F31C37F44FE5E779744E71 /* AXActionTool.swift in Sources */ = {isa = PBXBuildFile; fileRef = 57926FF438FA81347EDC78F8 /* AXActionTool.swift */; };
		C42CC086D5F9F305B3B07CC1 /* BrowserToolTests.swift in Sources */ = {isa = PBXBuildFile; fileRef = 99D87335B16A461F4208C799 /* BrowserToolTests.swift */; };
		C64821CBD7E61DA5222CB84C /* KeychainHelper.swift in Sources */ = {isa = PBXBuildFile; fileRef = 2A8D24BFAE50E7691C3F225B /* KeychainHelper.swift */; };
		C6C7E9861349A42EF52A0846 /* InputToolsIntegrationTests.swift in Sources */ = {isa = PBXBuildFile; fileRef = 94B568EDFBC4563C9DA3D7E9 /* InputToolsIntegrationTests.swift */; };
		C754EC4B07BF8895A5682B56 /* tool_use_response.json in Resources */ = {isa = PBXBuildFile; fileRef = 3A7E068A1E34BE34BE245EFA /* tool_use_response.json */; };
		CA6CC9BD183666128867F189 /* AppleScriptBackendTests.swift in Sources */ = {isa = PBXBuildFile; fileRef = 487373563C0304C8174B2DBB /* AppleScriptBackendTests.swift */; };
		CA882393098C77CE7C5916EF /* GetUIStateTool.swift in Sources */ = {isa = PBXBuildFile; fileRef = E5694C2FC556377D52CD7B9D /* GetUIStateTool.swift */; };
		CA93D7422E68C4E7E0B82967 /* AppleScriptDialectTests.swift in Sources */ = {isa = PBXBuildFile; fileRef = AD102864A1FBB702BD4E1F08 /* AppleScriptDialectTests.swift */; };
		CAF338C48A47BD2DBBBBBC76 /* MouseClickTool.swift in Sources */ = {isa = PBXBuildFile; fileRef = 947B1B21D737084B9F5C32D1 /* MouseClickTool.swift */; };
		CAFE0944BD7D39D7BF704D42 /* BrowserGetTextTool.swift in Sources */ = {isa = PBXBuildFile; fileRef = 5992A4BDE240FBB445F3092D /* BrowserGetTextTool.swift */; };
		CB8E58ED65F4E9499E97D1B7 /* MockScreenshotProvider.swift in Sources */ = {isa = PBXBuildFile; fileRef = 8A986D1F98F2A6FC331C6A3E /* MockScreenshotProvider.swift */; };
		CDF87E6A1CF455F86E29BE41 /* MockCDPTransport.swift in Sources */ = {isa = PBXBuildFile; fileRef = 415197A672CD48CCB2DCBE56 /* MockCDPTransport.swift */; };
		CE425B58390A3AAA37729D1D /* UIElementSnapshotTests.swift in Sources */ = {isa = PBXBuildFile; fileRef = D4FB8BF8816FB94B6FA72328 /* UIElementSnapshotTests.swift */; };
		D2042B75CADEDFB9F10CB532 /* OrchestratorTests.swift in Sources */ = {isa = PBXBuildFile; fileRef = 915409FBA02F7454211A7D3A /* OrchestratorTests.swift */; };
		D217CCD5BB0F122A137E59C0 /* SchemaValidatorTests.swift in Sources */ = {isa = PBXBuildFile; fileRef = 6ADF0584666F783267647143 /* SchemaValidatorTests.swift */; };
		D2AF6489423D7E21E442D8DE /* BrowserRouter.swift in Sources */ = {isa = PBXBuildFile; fileRef = F0BDB08C316AEADFB2B3D9B3 /* BrowserRouter.swift */; };
		D43468EAFA53FFA0286069AD /* MouseClickToolTests.swift in Sources */ = {isa = PBXBuildFile; fileRef = 77C580778A61777CE3E05365 /* MouseClickToolTests.swift */; };
		D5F71A04A65E45F4D8350571 /* BuiltInToolRegistration.swift in Sources */ = {isa = PBXBuildFile; fileRef = 030A2D52C5F38E40D21D1DDE /* BuiltInToolRegistration.swift */; };
		D61C28EF3B144A5915DCBD3D /* MockCDPBackend.swift in Sources */ = {isa = PBXBuildFile; fileRef = 0BBB6BE8F2645221776BCA04 /* MockCDPBackend.swift */; };
		D6307738304C663FC481FA06 /* InputSanitizerTests.swift in Sources */ = {isa = PBXBuildFile; fileRef = 9D4A0977E712B8A7A7C1D01B /* InputSanitizerTests.swift */; };
		D703313BD39F8ACCB53AA455 /* BrowserDetectorTests.swift in Sources */ = {isa = PBXBuildFile; fileRef = 643609574AFF49E793F4EB6B /* BrowserDetectorTests.swift */; };
		D9D27F7152E67AD185EAC036 /* ScreenshotToolTests.swift in Sources */ = {isa = PBXBuildFile; fileRef = D66A7AD66C201EBF3B75A8B7 /* ScreenshotToolTests.swift */; };
		DBB1C5F2958FAE7916B98D6C /* CDPDiscoveryTests.swift in Sources */ = {isa = PBXBuildFile; fileRef = B2C92652B0A39F35A0C45B29 /* CDPDiscoveryTests.swift */; };
		DBBD2CFDAD2DB5ED51F57540 /* ChatView.swift in Sources */ = {isa = PBXBuildFile; fileRef = 130ED51E93A7286F22FD3BC9 /* ChatView.swift */; };
		DC03D3E48EF6FB39B9E57792 /* MockAXProvider.swift in Sources */ = {isa = PBXBuildFile; fileRef = B81C8B51FE25EC11357D120D /* MockAXProvider.swift */; };
		DC6116FFC48E21DF684BEA69 /* OrchestratorIntegrationTests.swift in Sources */ = {isa = PBXBuildFile; fileRef = CA31A48C365962A9E4811991 /* OrchestratorIntegrationTests.swift */; };
		DCC3A4F39F7E1D5B6FB0AB3E /* SSEParserTests.swift in Sources */ = {isa = PBXBuildFile; fileRef = E17A019EAC9DF54206F9CCC5 /* SSEParserTests.swift */; };
		DD8DC7E296EFFE93A9E444F7 /* TypesTests.swift in Sources */ = {isa = PBXBuildFile; fileRef = 178B04B399DC3C33104994A4 /* TypesTests.swift */; };
		E1EA5041F1A8F1AE254E6BEE /* AnthropicProviderTests.swift in Sources */ = {isa = PBXBuildFile; fileRef = 22CAB342E2217BE62F9AE116 /* AnthropicProviderTests.swift */; };
		E4B8B4DE7C9CD35A7DBBFD5E /* StubToolExecutor.swift in Sources */ = {isa = PBXBuildFile; fileRef = 89B9C2E080BB09AEAF294240 /* StubToolExecutor.swift */; };
		E6D872FEB1A9DE14F1DCDA3A /* AccessibilityServiceImpl.swift in Sources */ = {isa = PBXBuildFile; fileRef = 84BFC7D634781BC6F0518518 /* AccessibilityServiceImpl.swift */; };
		EB989370FC8E088017900DEA /* SystemScreenshotProvider.swift in Sources */ = {isa = PBXBuildFile; fileRef = A6BCFA1EA63E5EA2AB9D6009 /* SystemScreenshotProvider.swift */; };
		ECF2F79FC7C48FAAD14469D5 /* AppListToolTests.swift in Sources */ = {isa = PBXBuildFile; fileRef = 672ADC4C1C6719AABD4BC618 /* AppListToolTests.swift */; };
		ECFE3A93DA74F55218C98117 /* CDPBackendTests.swift in Sources */ = {isa = PBXBuildFile; fileRef = 98BCAB149213B953374F74F4 /* CDPBackendTests.swift */; };
		EFFEEA13CC3EBF0F350C272F /* BrowserType.swift in Sources */ = {isa = PBXBuildFile; fileRef = 1644C4BBEC2C3F6D3B07C904 /* BrowserType.swift */; };
		F466442D8E27371A356B5C3D /* OrchestratorStreamingTests.swift in Sources */ = {isa = PBXBuildFile; fileRef = 439C25C5E02AF00357F0DA44 /* OrchestratorStreamingTests.swift */; };
		F841FFBE3B4A1F86DEB31A61 /* Logger.swift in Sources */ = {isa = PBXBuildFile; fileRef = D753814C6EA4679BF2E07088 /* Logger.swift */; };
		FA432EE0C0EB976008DA5AB6 /* AccessibilityServiceTests.swift in Sources */ = {isa = PBXBuildFile; fileRef = 38A919D9A273952F349C36F7 /* AccessibilityServiceTests.swift */; };
		FAB1C0A9E323C8508CD256D7 /* ToolRegistryTests.swift in Sources */ = {isa = PBXBuildFile; fileRef = 76A82273DF689415790756E3 /* ToolRegistryTests.swift */; };
		FAB1C3C764ED8F703E313309 /* ModelProvider.swift in Sources */ = {isa = PBXBuildFile; fileRef = 98ED1758EF0B5BCEFB2F339A /* ModelProvider.swift */; };
		FF49868E187506E5551C4D77 /* UISnapshotFormatterTests.swift in Sources */ = {isa = PBXBuildFile; fileRef = A3A377CD27402C45CA5327C9 /* UISnapshotFormatterTests.swift */; };
/* End PBXBuildFile section */

/* Begin PBXContainerItemProxy section */
		04227B150CEE52ECF8078191 /* PBXContainerItemProxy */ = {
			isa = PBXContainerItemProxy;
			containerPortal = ADD63BE4B2357052078A3C83 /* Project object */;
			proxyType = 1;
			remoteGlobalIDString = 0F6CA2CF9091CE89DFF72E1D;
			remoteInfo = JARVIS;
		};
/* End PBXContainerItemProxy section */

/* Begin PBXFileReference section */
		02D4D87BF7338D15B9C076C1 /* .gitkeep */ = {isa = PBXFileReference; path = .gitkeep; sourceTree = "<group>"; };
		030A2D52C5F38E40D21D1DDE /* BuiltInToolRegistration.swift */ = {isa = PBXFileReference; lastKnownFileType = sourcecode.swift; path = BuiltInToolRegistration.swift; sourceTree = "<group>"; };
		051F394ECB5B50F887E805DC /* UISnapshotFormatter.swift */ = {isa = PBXFileReference; lastKnownFileType = sourcecode.swift; path = UISnapshotFormatter.swift; sourceTree = "<group>"; };
		05696F1F07EA6791053C9714 /* AccessibilityService.swift */ = {isa = PBXFileReference; lastKnownFileType = sourcecode.swift; path = AccessibilityService.swift; sourceTree = "<group>"; };
		0816F19632B71EDEFD239AF6 /* ToolRegistry.swift */ = {isa = PBXFileReference; lastKnownFileType = sourcecode.swift; path = ToolRegistry.swift; sourceTree = "<group>"; };
		092F094706478F21401F3B96 /* URLSessionCDPTransport.swift */ = {isa = PBXFileReference; lastKnownFileType = sourcecode.swift; path = URLSessionCDPTransport.swift; sourceTree = "<group>"; };
		0BBB6BE8F2645221776BCA04 /* MockCDPBackend.swift */ = {isa = PBXFileReference; lastKnownFileType = sourcecode.swift; path = MockCDPBackend.swift; sourceTree = "<group>"; };
		0E091209538E545B6CBA6E75 /* FileReadToolTests.swift */ = {isa = PBXFileReference; lastKnownFileType = sourcecode.swift; path = FileReadToolTests.swift; sourceTree = "<group>"; };
		11A58D29AF6FCBC3A9156325 /* GetUIStateToolTests.swift */ = {isa = PBXFileReference; lastKnownFileType = sourcecode.swift; path = GetUIStateToolTests.swift; sourceTree = "<group>"; };
		12C7D2C8C515D2AC237A4D5F /* SSEParser.swift */ = {isa = PBXFileReference; lastKnownFileType = sourcecode.swift; path = SSEParser.swift; sourceTree = "<group>"; };
		130ED51E93A7286F22FD3BC9 /* ChatView.swift */ = {isa = PBXFileReference; lastKnownFileType = sourcecode.swift; path = ChatView.swift; sourceTree = "<group>"; };
		1434B7C47B4D6A20518E78BD /* streaming_tool_use.txt */ = {isa = PBXFileReference; lastKnownFileType = text; path = streaming_tool_use.txt; sourceTree = "<group>"; };
		14F1FC7A43B706F01D7A0C49 /* CDPTransport.swift */ = {isa = PBXFileReference; lastKnownFileType = sourcecode.swift; path = CDPTransport.swift; sourceTree = "<group>"; };
		15EA50969E93DC537D2CCBFE /* AXToolsIntegrationTests.swift */ = {isa = PBXFileReference; lastKnownFileType = sourcecode.swift; path = AXToolsIntegrationTests.swift; sourceTree = "<group>"; };
		1644C4BBEC2C3F6D3B07C904 /* BrowserType.swift */ = {isa = PBXFileReference; lastKnownFileType = sourcecode.swift; path = BrowserType.swift; sourceTree = "<group>"; };
		16D2BFD708A760D414B2AABC /* MockAccessibilityService.swift */ = {isa = PBXFileReference; lastKnownFileType = sourcecode.swift; path = MockAccessibilityService.swift; sourceTree = "<group>"; };
		1789BC6F98870EC28D37D2AD /* BrowserFindElementTool.swift */ = {isa = PBXFileReference; lastKnownFileType = sourcecode.swift; path = BrowserFindElementTool.swift; sourceTree = "<group>"; };
		178B04B399DC3C33104994A4 /* TypesTests.swift */ = {isa = PBXFileReference; lastKnownFileType = sourcecode.swift; path = TypesTests.swift; sourceTree = "<group>"; };
		185F8E6CFF7DC4283A3765DC /* BrowserErrorLocalizationTests.swift */ = {isa = PBXFileReference; lastKnownFileType = sourcecode.swift; path = BrowserErrorLocalizationTests.swift; sourceTree = "<group>"; };
		18AC9530CE2C9A2EF78B1778 /* BrowserTypeTool.swift */ = {isa = PBXFileReference; lastKnownFileType = sourcecode.swift; path = BrowserTypeTool.swift; sourceTree = "<group>"; };
		1B0ACCE29E3080DA16522FDD /* ScreenshotCacheTests.swift */ = {isa = PBXFileReference; lastKnownFileType = sourcecode.swift; path = ScreenshotCacheTests.swift; sourceTree = "<group>"; };
		1F00ADD055EE30BAC94E2BE7 /* CDPBackendImpl.swift */ = {isa = PBXFileReference; lastKnownFileType = sourcecode.swift; path = CDPBackendImpl.swift; sourceTree = "<group>"; };
		21BAFF8CCA6485D3EE2D9234 /* PolicyEngine.swift */ = {isa = PBXFileReference; lastKnownFileType = sourcecode.swift; path = PolicyEngine.swift; sourceTree = "<group>"; };
		21FDB4C83E8558FBC166685D /* CDPErrorLocalizationTests.swift */ = {isa = PBXFileReference; lastKnownFileType = sourcecode.swift; path = CDPErrorLocalizationTests.swift; sourceTree = "<group>"; };
		22CAB342E2217BE62F9AE116 /* AnthropicProviderTests.swift */ = {isa = PBXFileReference; lastKnownFileType = sourcecode.swift; path = AnthropicProviderTests.swift; sourceTree = "<group>"; };
		24221282E5C9ED90FB28F720 /* SessionLoggerIntegrationTests.swift */ = {isa = PBXFileReference; lastKnownFileType = sourcecode.swift; path = SessionLoggerIntegrationTests.swift; sourceTree = "<group>"; };
		24590D9C0AD7807F91BFE3BD /* WindowListTool.swift */ = {isa = PBXFileReference; lastKnownFileType = sourcecode.swift; path = WindowListTool.swift; sourceTree = "<group>"; };
		27ED800FF518D798650B77FF /* TestFixtures.swift */ = {isa = PBXFileReference; lastKnownFileType = sourcecode.swift; path = TestFixtures.swift; sourceTree = "<group>"; };
		2A8D24BFAE50E7691C3F225B /* KeychainHelper.swift */ = {isa = PBXFileReference; lastKnownFileType = sourcecode.swift; path = KeychainHelper.swift; sourceTree = "<group>"; };
		2AD4D2126429396AAD9E9876 /* ScreenshotCache.swift */ = {isa = PBXFileReference; lastKnownFileType = sourcecode.swift; path = ScreenshotCache.swift; sourceTree = "<group>"; };
		2C5073F27304B48891B26900 /* LoggerTests.swift */ = {isa = PBXFileReference; lastKnownFileType = sourcecode.swift; path = LoggerTests.swift; sourceTree = "<group>"; };
		2CC1E19DF55D7CF258602871 /* MockModelProvider.swift */ = {isa = PBXFileReference; lastKnownFileType = sourcecode.swift; path = MockModelProvider.swift; sourceTree = "<group>"; };
		2D02F8A2B8810D35EA143730 /* FileSearchToolTests.swift */ = {isa = PBXFileReference; lastKnownFileType = sourcecode.swift; path = FileSearchToolTests.swift; sourceTree = "<group>"; };
		2ECAFF7E85B73601A6398012 /* BrowserToolsIntegrationTests.swift */ = {isa = PBXFileReference; lastKnownFileType = sourcecode.swift; path = BrowserToolsIntegrationTests.swift; sourceTree = "<group>"; };
		2F83C1630CAC0BFB366E7C05 /* .gitkeep */ = {isa = PBXFileReference; path = .gitkeep; sourceTree = "<group>"; };
		30F25021316381064720C666 /* BrowserRouterFallbackTests.swift */ = {isa = PBXFileReference; lastKnownFileType = sourcecode.swift; path = BrowserRouterFallbackTests.swift; sourceTree = "<group>"; };
		3392018EE4101A4D3B02413F /* KeyboardTypeTool.swift */ = {isa = PBXFileReference; lastKnownFileType = sourcecode.swift; path = KeyboardTypeTool.swift; sourceTree = "<group>"; };
		33C04873526C3788A44DA4AA /* AppleScriptDialect.swift */ = {isa = PBXFileReference; lastKnownFileType = sourcecode.swift; path = AppleScriptDialect.swift; sourceTree = "<group>"; };
		344D9A2DB5CAE8393362D893 /* PolicyEngineTests.swift */ = {isa = PBXFileReference; lastKnownFileType = sourcecode.swift; path = PolicyEngineTests.swift; sourceTree = "<group>"; };
		34C8F7D19BB0D71B397BFF14 /* mixed_response.json */ = {isa = PBXFileReference; lastKnownFileType = text.json; path = mixed_response.json; sourceTree = "<group>"; };
		351FC30BE4F4E27D6D13EB66 /* UIStateCacheTests.swift */ = {isa = PBXFileReference; lastKnownFileType = sourcecode.swift; path = UIStateCacheTests.swift; sourceTree = "<group>"; };
		38A919D9A273952F349C36F7 /* AccessibilityServiceTests.swift */ = {isa = PBXFileReference; lastKnownFileType = sourcecode.swift; path = AccessibilityServiceTests.swift; sourceTree = "<group>"; };
		3A01DF2685B896690AE04C1E /* MessageBubbleView.swift */ = {isa = PBXFileReference; lastKnownFileType = sourcecode.swift; path = MessageBubbleView.swift; sourceTree = "<group>"; };
		3A7E068A1E34BE34BE245EFA /* tool_use_response.json */ = {isa = PBXFileReference; lastKnownFileType = text.json; path = tool_use_response.json; sourceTree = "<group>"; };
		3C7FE8AC15B41CC5C387BEAA /* .gitkeep */ = {isa = PBXFileReference; path = .gitkeep; sourceTree = "<group>"; };
		3CD79563AD7931122DACD108 /* FileWriteTool.swift */ = {isa = PBXFileReference; lastKnownFileType = sourcecode.swift; path = FileWriteTool.swift; sourceTree = "<group>"; };
		3E232E91C78764FBD41E0B51 /* .gitkeep */ = {isa = PBXFileReference; path = .gitkeep; sourceTree = "<group>"; };
		415197A672CD48CCB2DCBE56 /* MockCDPTransport.swift */ = {isa = PBXFileReference; lastKnownFileType = sourcecode.swift; path = MockCDPTransport.swift; sourceTree = "<group>"; };
		42E4972217D74F66E5609F31 /* BuiltInToolsIntegrationTests.swift */ = {isa = PBXFileReference; lastKnownFileType = sourcecode.swift; path = BuiltInToolsIntegrationTests.swift; sourceTree = "<group>"; };
		439C25C5E02AF00357F0DA44 /* OrchestratorStreamingTests.swift */ = {isa = PBXFileReference; lastKnownFileType = sourcecode.swift; path = OrchestratorStreamingTests.swift; sourceTree = "<group>"; };
		46238B6BB93DC0DBDB353001 /* .gitkeep */ = {isa = PBXFileReference; path = .gitkeep; sourceTree = "<group>"; };
		487373563C0304C8174B2DBB /* AppleScriptBackendTests.swift */ = {isa = PBXFileReference; lastKnownFileType = sourcecode.swift; path = AppleScriptBackendTests.swift; sourceTree = "<group>"; };
		4A70B28CBDA5404EBBA3CD91 /* Assets.xcassets */ = {isa = PBXFileReference; lastKnownFileType = folder.assetcatalog; path = Assets.xcassets; sourceTree = "<group>"; };
		5323EF5FDA17878FE62AE7F7 /* AppleScriptBackendDialectTests.swift */ = {isa = PBXFileReference; lastKnownFileType = sourcecode.swift; path = AppleScriptBackendDialectTests.swift; sourceTree = "<group>"; };
		56E5407EB529390105E9A21C /* JSONValue.swift */ = {isa = PBXFileReference; lastKnownFileType = sourcecode.swift; path = JSONValue.swift; sourceTree = "<group>"; };
		57926FF438FA81347EDC78F8 /* AXActionTool.swift */ = {isa = PBXFileReference; lastKnownFileType = sourcecode.swift; path = AXActionTool.swift; sourceTree = "<group>"; };
		58FAC20571830A870AB6FB40 /* VisionAnalyzeToolTests.swift */ = {isa = PBXFileReference; lastKnownFileType = sourcecode.swift; path = VisionAnalyzeToolTests.swift; sourceTree = "<group>"; };
		599241DE1FA16EE9CF9671CE /* ContextLockCheckerTests.swift */ = {isa = PBXFileReference; lastKnownFileType = sourcecode.swift; path = ContextLockCheckerTests.swift; sourceTree = "<group>"; };
		5992A4BDE240FBB445F3092D /* BrowserGetTextTool.swift */ = {isa = PBXFileReference; lastKnownFileType = sourcecode.swift; path = BrowserGetTextTool.swift; sourceTree = "<group>"; };
		5EE08BDDDE6CE5B2631CC875 /* OrchestratorImpl.swift */ = {isa = PBXFileReference; lastKnownFileType = sourcecode.swift; path = OrchestratorImpl.swift; sourceTree = "<group>"; };
		600C5DE182FB12612D924EBA /* MockOrchestrator.swift */ = {isa = PBXFileReference; lastKnownFileType = sourcecode.swift; path = MockOrchestrator.swift; sourceTree = "<group>"; };
		6154676E817BF4AAEF243EB6 /* SystemInfoTool.swift */ = {isa = PBXFileReference; lastKnownFileType = sourcecode.swift; path = SystemInfoTool.swift; sourceTree = "<group>"; };
		62A030E25A8CDF51D01753AC /* MockInputService.swift */ = {isa = PBXFileReference; lastKnownFileType = sourcecode.swift; path = MockInputService.swift; sourceTree = "<group>"; };
		643609574AFF49E793F4EB6B /* BrowserDetectorTests.swift */ = {isa = PBXFileReference; lastKnownFileType = sourcecode.swift; path = BrowserDetectorTests.swift; sourceTree = "<group>"; };
		659F2874B86BA8482BECD788 /* KeyCodeMapTests.swift */ = {isa = PBXFileReference; lastKnownFileType = sourcecode.swift; path = KeyCodeMapTests.swift; sourceTree = "<group>"; };
		65B83ACDA9E06E984E4F198D /* .gitkeep */ = {isa = PBXFileReference; path = .gitkeep; sourceTree = "<group>"; };
		672ADC4C1C6719AABD4BC618 /* AppListToolTests.swift */ = {isa = PBXFileReference; lastKnownFileType = sourcecode.swift; path = AppListToolTests.swift; sourceTree = "<group>"; };
		694CFBAA1E9EEDD4EA7C36FE /* .gitkeep */ = {isa = PBXFileReference; path = .gitkeep; sourceTree = "<group>"; };
		6A4347E38FD41C2BA6958E56 /* JARVIS.entitlements */ = {isa = PBXFileReference; lastKnownFileType = text.plist.entitlements; path = JARVIS.entitlements; sourceTree = "<group>"; };
		6ADF0584666F783267647143 /* SchemaValidatorTests.swift */ = {isa = PBXFileReference; lastKnownFileType = sourcecode.swift; path = SchemaValidatorTests.swift; sourceTree = "<group>"; };
		6C91C45A95EB030B1D1069D2 /* Orchestrator.swift */ = {isa = PBXFileReference; lastKnownFileType = sourcecode.swift; path = Orchestrator.swift; sourceTree = "<group>"; };
		6EAB7333EBE254265FD9399C /* MouseMoveTool.swift */ = {isa = PBXFileReference; lastKnownFileType = sourcecode.swift; path = MouseMoveTool.swift; sourceTree = "<group>"; };
		6EEE19D2BF51B9712E900275 /* JARVISApp.swift */ = {isa = PBXFileReference; lastKnownFileType = sourcecode.swift; path = JARVISApp.swift; sourceTree = "<group>"; };
		6F3B4A5D21890EA455782F33 /* MockCDPDiscovery.swift */ = {isa = PBXFileReference; lastKnownFileType = sourcecode.swift; path = MockCDPDiscovery.swift; sourceTree = "<group>"; };
		722183783871F71C6ED2A6E4 /* SessionLogger.swift */ = {isa = PBXFileReference; lastKnownFileType = sourcecode.swift; path = SessionLogger.swift; sourceTree = "<group>"; };
		75369FA131C7995E23D87ED6 /* VisionAnalyzeTool.swift */ = {isa = PBXFileReference; lastKnownFileType = sourcecode.swift; path = VisionAnalyzeTool.swift; sourceTree = "<group>"; };
		75907A7A8155C31FB5E1E545 /* .gitkeep */ = {isa = PBXFileReference; path = .gitkeep; sourceTree = "<group>"; };
		76A82273DF689415790756E3 /* ToolRegistryTests.swift */ = {isa = PBXFileReference; lastKnownFileType = sourcecode.swift; path = ToolRegistryTests.swift; sourceTree = "<group>"; };
		77572CF98570D7728856A304 /* .gitkeep */ = {isa = PBXFileReference; path = .gitkeep; sourceTree = "<group>"; };
		77C580778A61777CE3E05365 /* MouseClickToolTests.swift */ = {isa = PBXFileReference; lastKnownFileType = sourcecode.swift; path = MouseClickToolTests.swift; sourceTree = "<group>"; };
		7939B72C863530E68AE5CF54 /* ChatViewModelTests.swift */ = {isa = PBXFileReference; lastKnownFileType = sourcecode.swift; path = ChatViewModelTests.swift; sourceTree = "<group>"; };
		79517505C52F17AE2A9EFA7D /* MockAPIClient.swift */ = {isa = PBXFileReference; lastKnownFileType = sourcecode.swift; path = MockAPIClient.swift; sourceTree = "<group>"; };
		7961ECF7CE836EC4D622077B /* AXActionToolTests.swift */ = {isa = PBXFileReference; lastKnownFileType = sourcecode.swift; path = AXActionToolTests.swift; sourceTree = "<group>"; };
		799C609905530C17B5B62368 /* PolicyEngineImpl.swift */ = {isa = PBXFileReference; lastKnownFileType = sourcecode.swift; path = PolicyEngineImpl.swift; sourceTree = "<group>"; };
		79BDDD2C56007DDDAC77123E /* BrowserClickTool.swift */ = {isa = PBXFileReference; lastKnownFileType = sourcecode.swift; path = BrowserClickTool.swift; sourceTree = "<group>"; };
		7A20D04516F05147DB2D054D /* MockBrowserDetector.swift */ = {isa = PBXFileReference; lastKnownFileType = sourcecode.swift; path = MockBrowserDetector.swift; sourceTree = "<group>"; };
		7DA7BB696E12E4F155762A3D /* MockModelProviderTests.swift */ = {isa = PBXFileReference; lastKnownFileType = sourcecode.swift; path = MockModelProviderTests.swift; sourceTree = "<group>"; };
		7FC4C228DE443A1C69669599 /* ChatViewModel.swift */ = {isa = PBXFileReference; lastKnownFileType = sourcecode.swift; path = ChatViewModel.swift; sourceTree = "<group>"; };
		8068C4D2E12754D2CF41715A /* streaming_text.txt */ = {isa = PBXFileReference; lastKnownFileType = text; path = streaming_text.txt; sourceTree = "<group>"; };
		8068E6E085EFDAD072F3449C /* UIElementSnapshot.swift */ = {isa = PBXFileReference; lastKnownFileType = sourcecode.swift; path = UIElementSnapshot.swift; sourceTree = "<group>"; };
		8174567B0D0286B821735DCD /* FileReadTool.swift */ = {isa = PBXFileReference; lastKnownFileType = sourcecode.swift; path = FileReadTool.swift; sourceTree = "<group>"; };
		82C17AC953073F46487AA0E2 /* AppOpenTool.swift */ = {isa = PBXFileReference; lastKnownFileType = sourcecode.swift; path = AppOpenTool.swift; sourceTree = "<group>"; };
		84961ADC10DD1E048FDAEA45 /* ScreenshotTool.swift */ = {isa = PBXFileReference; lastKnownFileType = sourcecode.swift; path = ScreenshotTool.swift; sourceTree = "<group>"; };
		84BFC7D634781BC6F0518518 /* AccessibilityServiceImpl.swift */ = {isa = PBXFileReference; lastKnownFileType = sourcecode.swift; path = AccessibilityServiceImpl.swift; sourceTree = "<group>"; };
		85A5541110336F7A97450FEE /* .gitkeep */ = {isa = PBXFileReference; path = .gitkeep; sourceTree = "<group>"; };
		863CC96D7DCCF5F3AA63A376 /* StatusIndicatorView.swift */ = {isa = PBXFileReference; lastKnownFileType = sourcecode.swift; path = StatusIndicatorView.swift; sourceTree = "<group>"; };
		892AD5B1EB417F3589E3EDC0 /* error_response.json */ = {isa = PBXFileReference; lastKnownFileType = text.json; path = error_response.json; sourceTree = "<group>"; };
		89B9C2E080BB09AEAF294240 /* StubToolExecutor.swift */ = {isa = PBXFileReference; lastKnownFileType = sourcecode.swift; path = StubToolExecutor.swift; sourceTree = "<group>"; };
		8A986D1F98F2A6FC331C6A3E /* MockScreenshotProvider.swift */ = {isa = PBXFileReference; lastKnownFileType = sourcecode.swift; path = MockScreenshotProvider.swift; sourceTree = "<group>"; };
		8B76F3B6447F9546E5827153 /* WindowManageTool.swift */ = {isa = PBXFileReference; lastKnownFileType = sourcecode.swift; path = WindowManageTool.swift; sourceTree = "<group>"; };
		914C3231A0917ADD570FF4D0 /* AnthropicProvider.swift */ = {isa = PBXFileReference; lastKnownFileType = sourcecode.swift; path = AnthropicProvider.swift; sourceTree = "<group>"; };
		915409FBA02F7454211A7D3A /* OrchestratorTests.swift */ = {isa = PBXFileReference; lastKnownFileType = sourcecode.swift; path = OrchestratorTests.swift; sourceTree = "<group>"; };
		9196BECB436ABEA40EBC803A /* .gitkeep */ = {isa = PBXFileReference; path = .gitkeep; sourceTree = "<group>"; };
		94113B31DBCED49108F09CF5 /* ClipboardToolTests.swift */ = {isa = PBXFileReference; lastKnownFileType = sourcecode.swift; path = ClipboardToolTests.swift; sourceTree = "<group>"; };
		947B1B21D737084B9F5C32D1 /* MouseClickTool.swift */ = {isa = PBXFileReference; lastKnownFileType = sourcecode.swift; path = MouseClickTool.swift; sourceTree = "<group>"; };
		94B568EDFBC4563C9DA3D7E9 /* InputToolsIntegrationTests.swift */ = {isa = PBXFileReference; lastKnownFileType = sourcecode.swift; path = InputToolsIntegrationTests.swift; sourceTree = "<group>"; };
		98BCAB149213B953374F74F4 /* CDPBackendTests.swift */ = {isa = PBXFileReference; lastKnownFileType = sourcecode.swift; path = CDPBackendTests.swift; sourceTree = "<group>"; };
		98ED1758EF0B5BCEFB2F339A /* ModelProvider.swift */ = {isa = PBXFileReference; lastKnownFileType = sourcecode.swift; path = ModelProvider.swift; sourceTree = "<group>"; };
		99D87335B16A461F4208C799 /* BrowserToolTests.swift */ = {isa = PBXFileReference; lastKnownFileType = sourcecode.swift; path = BrowserToolTests.swift; sourceTree = "<group>"; };
		99DB002505469893045E056A /* ContextLockChecker.swift */ = {isa = PBXFileReference; lastKnownFileType = sourcecode.swift; path = ContextLockChecker.swift; sourceTree = "<group>"; };
		9A8223EDDEA841076ABE2661 /* AppDelegate.swift */ = {isa = PBXFileReference; lastKnownFileType = sourcecode.swift; path = AppDelegate.swift; sourceTree = "<group>"; };
		9D4A0977E712B8A7A7C1D01B /* InputSanitizerTests.swift */ = {isa = PBXFileReference; lastKnownFileType = sourcecode.swift; path = InputSanitizerTests.swift; sourceTree = "<group>"; };
		9EC825F42464E3BA676E4E13 /* AppOpenToolTests.swift */ = {isa = PBXFileReference; lastKnownFileType = sourcecode.swift; path = AppOpenToolTests.swift; sourceTree = "<group>"; };
		A3A377CD27402C45CA5327C9 /* UISnapshotFormatterTests.swift */ = {isa = PBXFileReference; lastKnownFileType = sourcecode.swift; path = UISnapshotFormatterTests.swift; sourceTree = "<group>"; };
		A4632E220CA512AF299E5A09 /* ToolRegistryImpl.swift */ = {isa = PBXFileReference; lastKnownFileType = sourcecode.swift; path = ToolRegistryImpl.swift; sourceTree = "<group>"; };
		A5379043D77D3F4F3579340E /* AccessibilityServiceActionTests.swift */ = {isa = PBXFileReference; lastKnownFileType = sourcecode.swift; path = AccessibilityServiceActionTests.swift; sourceTree = "<group>"; };
		A5621CAEF4A3A4673826977D /* BrowserRouterTests.swift */ = {isa = PBXFileReference; lastKnownFileType = sourcecode.swift; path = BrowserRouterTests.swift; sourceTree = "<group>"; };
		A5ED00994029DA842B821890 /* ChatInputView.swift */ = {isa = PBXFileReference; lastKnownFileType = sourcecode.swift; path = ChatInputView.swift; sourceTree = "<group>"; };
		A6BCFA1EA63E5EA2AB9D6009 /* SystemScreenshotProvider.swift */ = {isa = PBXFileReference; lastKnownFileType = sourcecode.swift; path = SystemScreenshotProvider.swift; sourceTree = "<group>"; };
		A6D0AAD1FDE6EB40E51D8A26 /* ScreenshotToolsIntegrationTests.swift */ = {isa = PBXFileReference; lastKnownFileType = sourcecode.swift; path = ScreenshotToolsIntegrationTests.swift; sourceTree = "<group>"; };
		A907EBF65D4C52B7404A4933 /* KeyboardTypeToolTests.swift */ = {isa = PBXFileReference; lastKnownFileType = sourcecode.swift; path = KeyboardTypeToolTests.swift; sourceTree = "<group>"; };
		AB900F31A9B51ED2E500A8F8 /* ChatTypes.swift */ = {isa = PBXFileReference; lastKnownFileType = sourcecode.swift; path = ChatTypes.swift; sourceTree = "<group>"; };
		AC21BB15620375F08C36FBDE /* ClipboardReadTool.swift */ = {isa = PBXFileReference; lastKnownFileType = sourcecode.swift; path = ClipboardReadTool.swift; sourceTree = "<group>"; };
		AC4FBECE30BD9D9165CA9EAF /* CGEventInputService.swift */ = {isa = PBXFileReference; lastKnownFileType = sourcecode.swift; path = CGEventInputService.swift; sourceTree = "<group>"; };
		AD102864A1FBB702BD4E1F08 /* AppleScriptDialectTests.swift */ = {isa = PBXFileReference; lastKnownFileType = sourcecode.swift; path = AppleScriptDialectTests.swift; sourceTree = "<group>"; };
		AE6D5AED37A821C053577002 /* APIClient.swift */ = {isa = PBXFileReference; lastKnownFileType = sourcecode.swift; path = APIClient.swift; sourceTree = "<group>"; };
		AEBA80CA963C07EF6FEA9AC2 /* UIStateCache.swift */ = {isa = PBXFileReference; lastKnownFileType = sourcecode.swift; path = UIStateCache.swift; sourceTree = "<group>"; };
		B0FD1D66358A39EB555EEBDA /* SchemaValidator.swift */ = {isa = PBXFileReference; lastKnownFileType = sourcecode.swift; path = SchemaValidator.swift; sourceTree = "<group>"; };
		B2C92652B0A39F35A0C45B29 /* CDPDiscoveryTests.swift */ = {isa = PBXFileReference; lastKnownFileType = sourcecode.swift; path = CDPDiscoveryTests.swift; sourceTree = "<group>"; };
		B32007F9BB266A0F7B559CDA /* AXFindToolTests.swift */ = {isa = PBXFileReference; lastKnownFileType = sourcecode.swift; path = AXFindToolTests.swift; sourceTree = "<group>"; };
		B533DFB4A1381D5966D7C532 /* WindowListToolTests.swift */ = {isa = PBXFileReference; lastKnownFileType = sourcecode.swift; path = WindowListToolTests.swift; sourceTree = "<group>"; };
		B5C6D68AD251C6B6AFE89B15 /* KeyboardShortcutToolTests.swift */ = {isa = PBXFileReference; lastKnownFileType = sourcecode.swift; path = KeyboardShortcutToolTests.swift; sourceTree = "<group>"; };
		B8183E1FEACF5CE626CEECE7 /* CDPTypes.swift */ = {isa = PBXFileReference; lastKnownFileType = sourcecode.swift; path = CDPTypes.swift; sourceTree = "<group>"; };
		B81C8B51FE25EC11357D120D /* MockAXProvider.swift */ = {isa = PBXFileReference; lastKnownFileType = sourcecode.swift; path = MockAXProvider.swift; sourceTree = "<group>"; };
		B96A54035B484E6C43DEEE82 /* PlaceholderTests.swift */ = {isa = PBXFileReference; lastKnownFileType = sourcecode.swift; path = PlaceholderTests.swift; sourceTree = "<group>"; };
		BB659995C7E2F7824EB496EF /* BrowserDetecting.swift */ = {isa = PBXFileReference; lastKnownFileType = sourcecode.swift; path = BrowserDetecting.swift; sourceTree = "<group>"; };
		BBDC276B425F0843B929C8E9 /* WindowManageToolTests.swift */ = {isa = PBXFileReference; lastKnownFileType = sourcecode.swift; path = WindowManageToolTests.swift; sourceTree = "<group>"; };
		BC57BDC1AD7F2121361BDECD /* Info.plist */ = {isa = PBXFileReference; lastKnownFileType = text.plist; path = Info.plist; sourceTree = "<group>"; };
		BD23528D2153E2DFA0C523B1 /* KeyCodeMap.swift */ = {isa = PBXFileReference; lastKnownFileType = sourcecode.swift; path = KeyCodeMap.swift; sourceTree = "<group>"; };
		BDE2DBF998795A4D114FD618 /* MockPolicyEngine.swift */ = {isa = PBXFileReference; lastKnownFileType = sourcecode.swift; path = MockPolicyEngine.swift; sourceTree = "<group>"; };
		C25F91FB7FBB80423FD4A6C6 /* SystemAXProvider.swift */ = {isa = PBXFileReference; lastKnownFileType = sourcecode.swift; path = SystemAXProvider.swift; sourceTree = "<group>"; };
		C3157969B8B82FEA748327D2 /* BrowserNavigateTool.swift */ = {isa = PBXFileReference; lastKnownFileType = sourcecode.swift; path = BrowserNavigateTool.swift; sourceTree = "<group>"; };
		C4FA8FE10A5A0AD13E808A74 /* BrowserBackend.swift */ = {isa = PBXFileReference; lastKnownFileType = sourcecode.swift; path = BrowserBackend.swift; sourceTree = "<group>"; };
		C7628BB70E3A71A894ACFF9A /* KeyboardShortcutTool.swift */ = {isa = PBXFileReference; lastKnownFileType = sourcecode.swift; path = KeyboardShortcutTool.swift; sourceTree = "<group>"; };
		C91AFB4D30A0C274863ACA8C /* ScreenshotProviding.swift */ = {isa = PBXFileReference; lastKnownFileType = sourcecode.swift; path = ScreenshotProviding.swift; sourceTree = "<group>"; };
		C9564FA59C24D1FB21218E3D /* MouseMoveToolTests.swift */ = {isa = PBXFileReference; lastKnownFileType = sourcecode.swift; path = MouseMoveToolTests.swift; sourceTree = "<group>"; };
		CA31A48C365962A9E4811991 /* OrchestratorIntegrationTests.swift */ = {isa = PBXFileReference; lastKnownFileType = sourcecode.swift; path = OrchestratorIntegrationTests.swift; sourceTree = "<group>"; };
		CB2EECCF22DC2C4ABEC2099B /* BrowserError.swift */ = {isa = PBXFileReference; lastKnownFileType = sourcecode.swift; path = BrowserError.swift; sourceTree = "<group>"; };
		CE4ED474984ABA4154FA49EC /* text_response.json */ = {isa = PBXFileReference; lastKnownFileType = text.json; path = text_response.json; sourceTree = "<group>"; };
		D154E40E08B126B3BEB1E6E3 /* MockKeychainHelper.swift */ = {isa = PBXFileReference; lastKnownFileType = sourcecode.swift; path = MockKeychainHelper.swift; sourceTree = "<group>"; };
		D4FB8BF8816FB94B6FA72328 /* UIElementSnapshotTests.swift */ = {isa = PBXFileReference; lastKnownFileType = sourcecode.swift; path = UIElementSnapshotTests.swift; sourceTree = "<group>"; };
		D649DDF0ED8B1DFE1A9EA1B7 /* KeychainHelperTests.swift */ = {isa = PBXFileReference; lastKnownFileType = sourcecode.swift; path = KeychainHelperTests.swift; sourceTree = "<group>"; };
		D66A7AD66C201EBF3B75A8B7 /* ScreenshotToolTests.swift */ = {isa = PBXFileReference; lastKnownFileType = sourcecode.swift; path = ScreenshotToolTests.swift; sourceTree = "<group>"; };
		D6ADF9F2A2D1F55CFEA2EDA3 /* FileSearchTool.swift */ = {isa = PBXFileReference; lastKnownFileType = sourcecode.swift; path = FileSearchTool.swift; sourceTree = "<group>"; };
		D753814C6EA4679BF2E07088 /* Logger.swift */ = {isa = PBXFileReference; lastKnownFileType = sourcecode.swift; path = Logger.swift; sourceTree = "<group>"; };
		D8AC26A4F3473F3827817D5B /* BrowserDetector.swift */ = {isa = PBXFileReference; lastKnownFileType = sourcecode.swift; path = BrowserDetector.swift; sourceTree = "<group>"; };
		DBE6CDFF2E6B3AEAFD720F34 /* JARVIS.app */ = {isa = PBXFileReference; explicitFileType = wrapper.application; includeInIndex = 0; path = JARVIS.app; sourceTree = BUILT_PRODUCTS_DIR; };
		DC55B2670AD898C833E8D3F4 /* .gitkeep */ = {isa = PBXFileReference; path = .gitkeep; sourceTree = "<group>"; };
		DE3E1C6843682A5F01DE51A5 /* CDPBackendProtocol.swift */ = {isa = PBXFileReference; lastKnownFileType = sourcecode.swift; path = CDPBackendProtocol.swift; sourceTree = "<group>"; };
		DEDEE1224CC44CB40F5EDA70 /* CDPDiscovery.swift */ = {isa = PBXFileReference; lastKnownFileType = sourcecode.swift; path = CDPDiscovery.swift; sourceTree = "<group>"; };
		E17A019EAC9DF54206F9CCC5 /* SSEParserTests.swift */ = {isa = PBXFileReference; lastKnownFileType = sourcecode.swift; path = SSEParserTests.swift; sourceTree = "<group>"; };
		E22FAD8EDB1F718A230DC309 /* MockBrowserBackend.swift */ = {isa = PBXFileReference; lastKnownFileType = sourcecode.swift; path = MockBrowserBackend.swift; sourceTree = "<group>"; };
		E5694C2FC556377D52CD7B9D /* GetUIStateTool.swift */ = {isa = PBXFileReference; lastKnownFileType = sourcecode.swift; path = GetUIStateTool.swift; sourceTree = "<group>"; };
		E5AAD0165639079EA973DF6C /* SystemInfoToolTests.swift */ = {isa = PBXFileReference; lastKnownFileType = sourcecode.swift; path = SystemInfoToolTests.swift; sourceTree = "<group>"; };
		E7DA9E0C1C94FADF6139AB0C /* AppListTool.swift */ = {isa = PBXFileReference; lastKnownFileType = sourcecode.swift; path = AppListTool.swift; sourceTree = "<group>"; };
		ED3B67982CAA5E4654451C23 /* AXFindTool.swift */ = {isa = PBXFileReference; lastKnownFileType = sourcecode.swift; path = AXFindTool.swift; sourceTree = "<group>"; };
		EDA289814A4A7F747E76AA07 /* AXProviding.swift */ = {isa = PBXFileReference; lastKnownFileType = sourcecode.swift; path = AXProviding.swift; sourceTree = "<group>"; };
		F0BDB08C316AEADFB2B3D9B3 /* BrowserRouter.swift */ = {isa = PBXFileReference; lastKnownFileType = sourcecode.swift; path = BrowserRouter.swift; sourceTree = "<group>"; };
		F22F37D42C9F2AA293E3272A /* InputControlling.swift */ = {isa = PBXFileReference; lastKnownFileType = sourcecode.swift; path = InputControlling.swift; sourceTree = "<group>"; };
		F41967127F013DC822CC5370 /* InputSanitizer.swift */ = {isa = PBXFileReference; lastKnownFileType = sourcecode.swift; path = InputSanitizer.swift; sourceTree = "<group>"; };
		F5F5D92FC8737B51882E6FE5 /* FileWriteToolTests.swift */ = {isa = PBXFileReference; lastKnownFileType = sourcecode.swift; path = FileWriteToolTests.swift; sourceTree = "<group>"; };
		F6C9E154D66D73C20B91CE02 /* AppleScriptBackend.swift */ = {isa = PBXFileReference; lastKnownFileType = sourcecode.swift; path = AppleScriptBackend.swift; sourceTree = "<group>"; };
		F89A5FD5332EC5B9ED8DD165 /* JARVISTests.xctest */ = {isa = PBXFileReference; explicitFileType = wrapper.cfbundle; includeInIndex = 0; path = JARVISTests.xctest; sourceTree = BUILT_PRODUCTS_DIR; };
		F93EE674D02B5D9EC3C2571B /* APIClientTests.swift */ = {isa = PBXFileReference; lastKnownFileType = sourcecode.swift; path = APIClientTests.swift; sourceTree = "<group>"; };
		F99642283F003A220D69A2BD /* Types.swift */ = {isa = PBXFileReference; lastKnownFileType = sourcecode.swift; path = Types.swift; sourceTree = "<group>"; };
		F9A875DE4EFAEAB05AAF700C /* MockSessionLogger.swift */ = {isa = PBXFileReference; lastKnownFileType = sourcecode.swift; path = MockSessionLogger.swift; sourceTree = "<group>"; };
		F9EE558CD3E3DEEE5CEBB5BB /* ToolExecutor.swift */ = {isa = PBXFileReference; lastKnownFileType = sourcecode.swift; path = ToolExecutor.swift; sourceTree = "<group>"; };
		FB0631AD0115B2765DF090E6 /* ClipboardWriteTool.swift */ = {isa = PBXFileReference; lastKnownFileType = sourcecode.swift; path = ClipboardWriteTool.swift; sourceTree = "<group>"; };
		FE2AF6E7272DB2C0F462FFDC /* ConfirmationDialog.swift */ = {isa = PBXFileReference; lastKnownFileType = sourcecode.swift; path = ConfirmationDialog.swift; sourceTree = "<group>"; };
		FF1B72F1AA08A00427463800 /* BrowserGetURLTool.swift */ = {isa = PBXFileReference; lastKnownFileType = sourcecode.swift; path = BrowserGetURLTool.swift; sourceTree = "<group>"; };
/* End PBXFileReference section */

/* Begin PBXFrameworksBuildPhase section */
		CC3A4CAEF8895C10C904473A /* Frameworks */ = {
			isa = PBXFrameworksBuildPhase;
			buildActionMask = 2147483647;
			files = (
				36A69B470B414FB117BBFF90 /* Sparkle in Frameworks */,
				7FF1402EAA20A6F5449F1343 /* KeyboardShortcuts in Frameworks */,
			);
			runOnlyForDeploymentPostprocessing = 0;
		};
/* End PBXFrameworksBuildPhase section */

/* Begin PBXGroup section */
		067DD2827E7CAE0ADB776D41 /* Resources */ = {
			isa = PBXGroup;
			children = (
				4A70B28CBDA5404EBBA3CD91 /* Assets.xcassets */,
			);
			path = Resources;
			sourceTree = "<group>";
		};
		10420B069E9F830103DA5979 /* Browser */ = {
			isa = PBXGroup;
			children = (
				9196BECB436ABEA40EBC803A /* .gitkeep */,
				F6C9E154D66D73C20B91CE02 /* AppleScriptBackend.swift */,
				33C04873526C3788A44DA4AA /* AppleScriptDialect.swift */,
				C4FA8FE10A5A0AD13E808A74 /* BrowserBackend.swift */,
				BB659995C7E2F7824EB496EF /* BrowserDetecting.swift */,
				D8AC26A4F3473F3827817D5B /* BrowserDetector.swift */,
				CB2EECCF22DC2C4ABEC2099B /* BrowserError.swift */,
				F0BDB08C316AEADFB2B3D9B3 /* BrowserRouter.swift */,
				1644C4BBEC2C3F6D3B07C904 /* BrowserType.swift */,
				1F00ADD055EE30BAC94E2BE7 /* CDPBackendImpl.swift */,
				DE3E1C6843682A5F01DE51A5 /* CDPBackendProtocol.swift */,
				DEDEE1224CC44CB40F5EDA70 /* CDPDiscovery.swift */,
				14F1FC7A43B706F01D7A0C49 /* CDPTransport.swift */,
				B8183E1FEACF5CE626CEECE7 /* CDPTypes.swift */,
				092F094706478F21401F3B96 /* URLSessionCDPTransport.swift */,
			);
			path = Browser;
			sourceTree = "<group>";
		};
		1738B4F0193DFC8C558E1EFE /* Shared */ = {
			isa = PBXGroup;
			children = (
				AE6D5AED37A821C053577002 /* APIClient.swift */,
				56E5407EB529390105E9A21C /* JSONValue.swift */,
				2A8D24BFAE50E7691C3F225B /* KeychainHelper.swift */,
				D753814C6EA4679BF2E07088 /* Logger.swift */,
				722183783871F71C6ED2A6E4 /* SessionLogger.swift */,
				62B70E87A5ACF702F9BE1EBD /* Extensions */,
			);
			path = Shared;
			sourceTree = "<group>";
		};
		2496907EB6559199CA2D75D5 /* Fixtures */ = {
			isa = PBXGroup;
			children = (
				2F83C1630CAC0BFB366E7C05 /* .gitkeep */,
				892AD5B1EB417F3589E3EDC0 /* error_response.json */,
				34C8F7D19BB0D71B397BFF14 /* mixed_response.json */,
				8068C4D2E12754D2CF41715A /* streaming_text.txt */,
				1434B7C47B4D6A20518E78BD /* streaming_tool_use.txt */,
				CE4ED474984ABA4154FA49EC /* text_response.json */,
				3A7E068A1E34BE34BE245EFA /* tool_use_response.json */,
			);
			path = Fixtures;
			sourceTree = "<group>";
		};
		3489A5A763B10E2AD6B6095A /* Core */ = {
			isa = PBXGroup;
			children = (
				694CFBAA1E9EEDD4EA7C36FE /* .gitkeep */,
				914C3231A0917ADD570FF4D0 /* AnthropicProvider.swift */,
				F41967127F013DC822CC5370 /* InputSanitizer.swift */,
				98ED1758EF0B5BCEFB2F339A /* ModelProvider.swift */,
				6C91C45A95EB030B1D1069D2 /* Orchestrator.swift */,
				5EE08BDDDE6CE5B2631CC875 /* OrchestratorImpl.swift */,
				21BAFF8CCA6485D3EE2D9234 /* PolicyEngine.swift */,
				799C609905530C17B5B62368 /* PolicyEngineImpl.swift */,
				B0FD1D66358A39EB555EEBDA /* SchemaValidator.swift */,
				12C7D2C8C515D2AC237A4D5F /* SSEParser.swift */,
				F9EE558CD3E3DEEE5CEBB5BB /* ToolExecutor.swift */,
				0816F19632B71EDEFD239AF6 /* ToolRegistry.swift */,
				A4632E220CA512AF299E5A09 /* ToolRegistryImpl.swift */,
				F99642283F003A220D69A2BD /* Types.swift */,
			);
			path = Core;
			sourceTree = "<group>";
		};
		49A1D5F46A700EBBD6E3D9AC /* ToolTests */ = {
			isa = PBXGroup;
			children = (
				77572CF98570D7728856A304 /* .gitkeep */,
				A5379043D77D3F4F3579340E /* AccessibilityServiceActionTests.swift */,
				38A919D9A273952F349C36F7 /* AccessibilityServiceTests.swift */,
				5323EF5FDA17878FE62AE7F7 /* AppleScriptBackendDialectTests.swift */,
				487373563C0304C8174B2DBB /* AppleScriptBackendTests.swift */,
				AD102864A1FBB702BD4E1F08 /* AppleScriptDialectTests.swift */,
				672ADC4C1C6719AABD4BC618 /* AppListToolTests.swift */,
				9EC825F42464E3BA676E4E13 /* AppOpenToolTests.swift */,
				7961ECF7CE836EC4D622077B /* AXActionToolTests.swift */,
				B32007F9BB266A0F7B559CDA /* AXFindToolTests.swift */,
				643609574AFF49E793F4EB6B /* BrowserDetectorTests.swift */,
				185F8E6CFF7DC4283A3765DC /* BrowserErrorLocalizationTests.swift */,
				30F25021316381064720C666 /* BrowserRouterFallbackTests.swift */,
				A5621CAEF4A3A4673826977D /* BrowserRouterTests.swift */,
				99D87335B16A461F4208C799 /* BrowserToolTests.swift */,
				98BCAB149213B953374F74F4 /* CDPBackendTests.swift */,
				B2C92652B0A39F35A0C45B29 /* CDPDiscoveryTests.swift */,
				21FDB4C83E8558FBC166685D /* CDPErrorLocalizationTests.swift */,
				94113B31DBCED49108F09CF5 /* ClipboardToolTests.swift */,
				599241DE1FA16EE9CF9671CE /* ContextLockCheckerTests.swift */,
				0E091209538E545B6CBA6E75 /* FileReadToolTests.swift */,
				2D02F8A2B8810D35EA143730 /* FileSearchToolTests.swift */,
				F5F5D92FC8737B51882E6FE5 /* FileWriteToolTests.swift */,
				11A58D29AF6FCBC3A9156325 /* GetUIStateToolTests.swift */,
				B5C6D68AD251C6B6AFE89B15 /* KeyboardShortcutToolTests.swift */,
				A907EBF65D4C52B7404A4933 /* KeyboardTypeToolTests.swift */,
				659F2874B86BA8482BECD788 /* KeyCodeMapTests.swift */,
				77C580778A61777CE3E05365 /* MouseClickToolTests.swift */,
				C9564FA59C24D1FB21218E3D /* MouseMoveToolTests.swift */,
				1B0ACCE29E3080DA16522FDD /* ScreenshotCacheTests.swift */,
				D66A7AD66C201EBF3B75A8B7 /* ScreenshotToolTests.swift */,
				E5AAD0165639079EA973DF6C /* SystemInfoToolTests.swift */,
				D4FB8BF8816FB94B6FA72328 /* UIElementSnapshotTests.swift */,
				A3A377CD27402C45CA5327C9 /* UISnapshotFormatterTests.swift */,
				351FC30BE4F4E27D6D13EB66 /* UIStateCacheTests.swift */,
				58FAC20571830A870AB6FB40 /* VisionAnalyzeToolTests.swift */,
				B533DFB4A1381D5966D7C532 /* WindowListToolTests.swift */,
				BBDC276B425F0843B929C8E9 /* WindowManageToolTests.swift */,
			);
			path = ToolTests;
			sourceTree = "<group>";
		};
		5B66F20841D6687FAB22BEA6 /* Memory */ = {
			isa = PBXGroup;
			children = (
				75907A7A8155C31FB5E1E545 /* .gitkeep */,
			);
			path = Memory;
			sourceTree = "<group>";
		};
		62B70E87A5ACF702F9BE1EBD /* Extensions */ = {
			isa = PBXGroup;
			children = (
				3E232E91C78764FBD41E0B51 /* .gitkeep */,
			);
			path = Extensions;
			sourceTree = "<group>";
		};
		62F102907EE0313CE8EE96FE /* UITests */ = {
			isa = PBXGroup;
			children = (
				7939B72C863530E68AE5CF54 /* ChatViewModelTests.swift */,
			);
			path = UITests;
			sourceTree = "<group>";
		};
		6E5D7107BB9B31134FFC85E6 /* Helpers */ = {
			isa = PBXGroup;
			children = (
				16D2BFD708A760D414B2AABC /* MockAccessibilityService.swift */,
				79517505C52F17AE2A9EFA7D /* MockAPIClient.swift */,
				B81C8B51FE25EC11357D120D /* MockAXProvider.swift */,
				E22FAD8EDB1F718A230DC309 /* MockBrowserBackend.swift */,
				7A20D04516F05147DB2D054D /* MockBrowserDetector.swift */,
				0BBB6BE8F2645221776BCA04 /* MockCDPBackend.swift */,
				6F3B4A5D21890EA455782F33 /* MockCDPDiscovery.swift */,
				415197A672CD48CCB2DCBE56 /* MockCDPTransport.swift */,
				62A030E25A8CDF51D01753AC /* MockInputService.swift */,
				D154E40E08B126B3BEB1E6E3 /* MockKeychainHelper.swift */,
				2CC1E19DF55D7CF258602871 /* MockModelProvider.swift */,
				600C5DE182FB12612D924EBA /* MockOrchestrator.swift */,
				BDE2DBF998795A4D114FD618 /* MockPolicyEngine.swift */,
				8A986D1F98F2A6FC331C6A3E /* MockScreenshotProvider.swift */,
				F9A875DE4EFAEAB05AAF700C /* MockSessionLogger.swift */,
				89B9C2E080BB09AEAF294240 /* StubToolExecutor.swift */,
				27ED800FF518D798650B77FF /* TestFixtures.swift */,
			);
			path = Helpers;
			sourceTree = "<group>";
		};
		710496CFB31B523C5F1BD84C /* Tools */ = {
			isa = PBXGroup;
			children = (
				10420B069E9F830103DA5979 /* Browser */,
				D156A8812E2FDFB19F0B1A0D /* BuiltIn */,
				961356C8F6FE1C4232955034 /* ComputerControl */,
				F847C6F1CDFBBAAE32BDA453 /* MCP */,
			);
			path = Tools;
			sourceTree = "<group>";
		};
		75594F8B2D179BDC1BED9E1C /* Products */ = {
			isa = PBXGroup;
			children = (
				DBE6CDFF2E6B3AEAFD720F34 /* JARVIS.app */,
				F89A5FD5332EC5B9ED8DD165 /* JARVISTests.xctest */,
			);
			name = Products;
			sourceTree = "<group>";
		};
		9341588D992E1CFDCECE8FDB /* SettingsView */ = {
			isa = PBXGroup;
			children = (
				65B83ACDA9E06E984E4F198D /* .gitkeep */,
			);
			path = SettingsView;
			sourceTree = "<group>";
		};
		961356C8F6FE1C4232955034 /* ComputerControl */ = {
			isa = PBXGroup;
			children = (
				02D4D87BF7338D15B9C076C1 /* .gitkeep */,
				05696F1F07EA6791053C9714 /* AccessibilityService.swift */,
				84BFC7D634781BC6F0518518 /* AccessibilityServiceImpl.swift */,
				EDA289814A4A7F747E76AA07 /* AXProviding.swift */,
				AC4FBECE30BD9D9165CA9EAF /* CGEventInputService.swift */,
				99DB002505469893045E056A /* ContextLockChecker.swift */,
				F22F37D42C9F2AA293E3272A /* InputControlling.swift */,
				BD23528D2153E2DFA0C523B1 /* KeyCodeMap.swift */,
				2AD4D2126429396AAD9E9876 /* ScreenshotCache.swift */,
				C91AFB4D30A0C274863ACA8C /* ScreenshotProviding.swift */,
				C25F91FB7FBB80423FD4A6C6 /* SystemAXProvider.swift */,
				A6BCFA1EA63E5EA2AB9D6009 /* SystemScreenshotProvider.swift */,
				8068E6E085EFDAD072F3449C /* UIElementSnapshot.swift */,
				051F394ECB5B50F887E805DC /* UISnapshotFormatter.swift */,
				AEBA80CA963C07EF6FEA9AC2 /* UIStateCache.swift */,
			);
			path = ComputerControl;
			sourceTree = "<group>";
		};
		98F8CE23498C0CF6D7ABF3D4 = {
			isa = PBXGroup;
			children = (
				EC4A9F495747DDC34193FD4D /* JARVIS */,
				EB79CBCC6C11F97ECE3A7FC8 /* Tests */,
				75594F8B2D179BDC1BED9E1C /* Products */,
			);
			sourceTree = "<group>";
		};
		AB624132D1411FE926D5C926 /* IntegrationTests */ = {
			isa = PBXGroup;
			children = (
				DC55B2670AD898C833E8D3F4 /* .gitkeep */,
				15EA50969E93DC537D2CCBFE /* AXToolsIntegrationTests.swift */,
				2ECAFF7E85B73601A6398012 /* BrowserToolsIntegrationTests.swift */,
				42E4972217D74F66E5609F31 /* BuiltInToolsIntegrationTests.swift */,
				94B568EDFBC4563C9DA3D7E9 /* InputToolsIntegrationTests.swift */,
				CA31A48C365962A9E4811991 /* OrchestratorIntegrationTests.swift */,
				A6D0AAD1FDE6EB40E51D8A26 /* ScreenshotToolsIntegrationTests.swift */,
				24221282E5C9ED90FB28F720 /* SessionLoggerIntegrationTests.swift */,
			);
			path = IntegrationTests;
			sourceTree = "<group>";
		};
		B9BB7248F2B9A0A214773C65 /* App */ = {
			isa = PBXGroup;
			children = (
				9A8223EDDEA841076ABE2661 /* AppDelegate.swift */,
				6EEE19D2BF51B9712E900275 /* JARVISApp.swift */,
			);
			path = App;
			sourceTree = "<group>";
		};
		CECE8E9615B4E75C5BFDDE7A /* Voice */ = {
			isa = PBXGroup;
			children = (
				46238B6BB93DC0DBDB353001 /* .gitkeep */,
			);
			path = Voice;
			sourceTree = "<group>";
		};
		D156A8812E2FDFB19F0B1A0D /* BuiltIn */ = {
			isa = PBXGroup;
			children = (
				85A5541110336F7A97450FEE /* .gitkeep */,
				E7DA9E0C1C94FADF6139AB0C /* AppListTool.swift */,
				82C17AC953073F46487AA0E2 /* AppOpenTool.swift */,
				57926FF438FA81347EDC78F8 /* AXActionTool.swift */,
				ED3B67982CAA5E4654451C23 /* AXFindTool.swift */,
				79BDDD2C56007DDDAC77123E /* BrowserClickTool.swift */,
				1789BC6F98870EC28D37D2AD /* BrowserFindElementTool.swift */,
				5992A4BDE240FBB445F3092D /* BrowserGetTextTool.swift */,
				FF1B72F1AA08A00427463800 /* BrowserGetURLTool.swift */,
				C3157969B8B82FEA748327D2 /* BrowserNavigateTool.swift */,
				18AC9530CE2C9A2EF78B1778 /* BrowserTypeTool.swift */,
				030A2D52C5F38E40D21D1DDE /* BuiltInToolRegistration.swift */,
				AC21BB15620375F08C36FBDE /* ClipboardReadTool.swift */,
				FB0631AD0115B2765DF090E6 /* ClipboardWriteTool.swift */,
				8174567B0D0286B821735DCD /* FileReadTool.swift */,
				D6ADF9F2A2D1F55CFEA2EDA3 /* FileSearchTool.swift */,
				3CD79563AD7931122DACD108 /* FileWriteTool.swift */,
				E5694C2FC556377D52CD7B9D /* GetUIStateTool.swift */,
				C7628BB70E3A71A894ACFF9A /* KeyboardShortcutTool.swift */,
				3392018EE4101A4D3B02413F /* KeyboardTypeTool.swift */,
				947B1B21D737084B9F5C32D1 /* MouseClickTool.swift */,
				6EAB7333EBE254265FD9399C /* MouseMoveTool.swift */,
				84961ADC10DD1E048FDAEA45 /* ScreenshotTool.swift */,
				6154676E817BF4AAEF243EB6 /* SystemInfoTool.swift */,
				75369FA131C7995E23D87ED6 /* VisionAnalyzeTool.swift */,
				24590D9C0AD7807F91BFE3BD /* WindowListTool.swift */,
				8B76F3B6447F9546E5827153 /* WindowManageTool.swift */,
			);
			path = BuiltIn;
			sourceTree = "<group>";
		};
		DAA18709484DFB1C727547E8 /* CoreTests */ = {
			isa = PBXGroup;
			children = (
				22CAB342E2217BE62F9AE116 /* AnthropicProviderTests.swift */,
				F93EE674D02B5D9EC3C2571B /* APIClientTests.swift */,
				9D4A0977E712B8A7A7C1D01B /* InputSanitizerTests.swift */,
				D649DDF0ED8B1DFE1A9EA1B7 /* KeychainHelperTests.swift */,
				2C5073F27304B48891B26900 /* LoggerTests.swift */,
				7DA7BB696E12E4F155762A3D /* MockModelProviderTests.swift */,
				439C25C5E02AF00357F0DA44 /* OrchestratorStreamingTests.swift */,
				915409FBA02F7454211A7D3A /* OrchestratorTests.swift */,
				B96A54035B484E6C43DEEE82 /* PlaceholderTests.swift */,
				344D9A2DB5CAE8393362D893 /* PolicyEngineTests.swift */,
				6ADF0584666F783267647143 /* SchemaValidatorTests.swift */,
				E17A019EAC9DF54206F9CCC5 /* SSEParserTests.swift */,
				76A82273DF689415790756E3 /* ToolRegistryTests.swift */,
				178B04B399DC3C33104994A4 /* TypesTests.swift */,
			);
			path = CoreTests;
			sourceTree = "<group>";
		};
		DD316B37F2564EBAC746C4DA /* UI */ = {
			isa = PBXGroup;
			children = (
				A5ED00994029DA842B821890 /* ChatInputView.swift */,
				AB900F31A9B51ED2E500A8F8 /* ChatTypes.swift */,
				130ED51E93A7286F22FD3BC9 /* ChatView.swift */,
				7FC4C228DE443A1C69669599 /* ChatViewModel.swift */,
				FE2AF6E7272DB2C0F462FFDC /* ConfirmationDialog.swift */,
				3A01DF2685B896690AE04C1E /* MessageBubbleView.swift */,
				863CC96D7DCCF5F3AA63A376 /* StatusIndicatorView.swift */,
				9341588D992E1CFDCECE8FDB /* SettingsView */,
			);
			path = UI;
			sourceTree = "<group>";
		};
		EB79CBCC6C11F97ECE3A7FC8 /* Tests */ = {
			isa = PBXGroup;
			children = (
				DAA18709484DFB1C727547E8 /* CoreTests */,
				2496907EB6559199CA2D75D5 /* Fixtures */,
				6E5D7107BB9B31134FFC85E6 /* Helpers */,
				AB624132D1411FE926D5C926 /* IntegrationTests */,
				49A1D5F46A700EBBD6E3D9AC /* ToolTests */,
				62F102907EE0313CE8EE96FE /* UITests */,
			);
			path = Tests;
			sourceTree = "<group>";
		};
		EC4A9F495747DDC34193FD4D /* JARVIS */ = {
			isa = PBXGroup;
			children = (
				BC57BDC1AD7F2121361BDECD /* Info.plist */,
				6A4347E38FD41C2BA6958E56 /* JARVIS.entitlements */,
				B9BB7248F2B9A0A214773C65 /* App */,
				3489A5A763B10E2AD6B6095A /* Core */,
				5B66F20841D6687FAB22BEA6 /* Memory */,
				067DD2827E7CAE0ADB776D41 /* Resources */,
				1738B4F0193DFC8C558E1EFE /* Shared */,
				710496CFB31B523C5F1BD84C /* Tools */,
				DD316B37F2564EBAC746C4DA /* UI */,
				CECE8E9615B4E75C5BFDDE7A /* Voice */,
			);
			path = JARVIS;
			sourceTree = "<group>";
		};
		F847C6F1CDFBBAAE32BDA453 /* MCP */ = {
			isa = PBXGroup;
			children = (
				3C7FE8AC15B41CC5C387BEAA /* .gitkeep */,
			);
			path = MCP;
			sourceTree = "<group>";
		};
/* End PBXGroup section */

/* Begin PBXNativeTarget section */
		0F6CA2CF9091CE89DFF72E1D /* JARVIS */ = {
			isa = PBXNativeTarget;
			buildConfigurationList = 4AEE4371E844050FDDCC7D67 /* Build configuration list for PBXNativeTarget "JARVIS" */;
			buildPhases = (
				97FAC4CCA15A870279432DCD /* Sources */,
				298D2A05C76FBDCF55F6259A /* Resources */,
				CC3A4CAEF8895C10C904473A /* Frameworks */,
			);
			buildRules = (
			);
			dependencies = (
			);
			name = JARVIS;
			packageProductDependencies = (
				ABC69980C1896394985E921D /* Sparkle */,
				D3B487FF07E678A7DB166CC8 /* KeyboardShortcuts */,
			);
			productName = JARVIS;
			productReference = DBE6CDFF2E6B3AEAFD720F34 /* JARVIS.app */;
			productType = "com.apple.product-type.application";
		};
		31D5CD0EB6B805B41C690E1C /* JARVISTests */ = {
			isa = PBXNativeTarget;
			buildConfigurationList = 5923FD4400A2F84204E922DD /* Build configuration list for PBXNativeTarget "JARVISTests" */;
			buildPhases = (
				C550BAB77C6C391CF1583D42 /* Sources */,
				AF8D5FBF800538039A158297 /* Resources */,
			);
			buildRules = (
			);
			dependencies = (
				C8865D160E9AF31BC2DE0DBB /* PBXTargetDependency */,
			);
			name = JARVISTests;
			packageProductDependencies = (
			);
			productName = JARVISTests;
			productReference = F89A5FD5332EC5B9ED8DD165 /* JARVISTests.xctest */;
			productType = "com.apple.product-type.bundle.unit-test";
		};
/* End PBXNativeTarget section */

/* Begin PBXProject section */
		ADD63BE4B2357052078A3C83 /* Project object */ = {
			isa = PBXProject;
			attributes = {
				BuildIndependentTargetsInParallel = YES;
				LastUpgradeCheck = 1430;
				TargetAttributes = {
					0F6CA2CF9091CE89DFF72E1D = {
						DevelopmentTeam = 2AU9UU8X4D;
						ProvisioningStyle = Automatic;
					};
				};
			};
			buildConfigurationList = E441122F760D220AA6AA3E06 /* Build configuration list for PBXProject "JARVIS" */;
			compatibilityVersion = "Xcode 14.0";
			developmentRegion = en;
			hasScannedForEncodings = 0;
			knownRegions = (
				Base,
				en,
			);
			mainGroup = 98F8CE23498C0CF6D7ABF3D4;
			minimizedProjectReferenceProxies = 1;
			packageReferences = (
				708A46F0EBFBF31DDD85FBA4 /* XCRemoteSwiftPackageReference "KeyboardShortcuts" */,
				E3CF08CD924F91C92E5488BC /* XCRemoteSwiftPackageReference "Sparkle" */,
			);
			projectDirPath = "";
			projectRoot = "";
			targets = (
				0F6CA2CF9091CE89DFF72E1D /* JARVIS */,
				31D5CD0EB6B805B41C690E1C /* JARVISTests */,
			);
		};
/* End PBXProject section */

/* Begin PBXResourcesBuildPhase section */
		298D2A05C76FBDCF55F6259A /* Resources */ = {
			isa = PBXResourcesBuildPhase;
			buildActionMask = 2147483647;
			files = (
				12591532333C6399E247D2CE /* Assets.xcassets in Resources */,
			);
			runOnlyForDeploymentPostprocessing = 0;
		};
		AF8D5FBF800538039A158297 /* Resources */ = {
			isa = PBXResourcesBuildPhase;
			buildActionMask = 2147483647;
			files = (
				28EF9A8E0A0DCAF58F4A26AB /* error_response.json in Resources */,
				394E855DFC4FCBC943C6F23D /* mixed_response.json in Resources */,
				093A42A484ED380600B82C42 /* streaming_text.txt in Resources */,
				79F78AEDFD24C6E80F1CAFE8 /* streaming_tool_use.txt in Resources */,
				3061559AEF5AB69B4C236B19 /* text_response.json in Resources */,
				C754EC4B07BF8895A5682B56 /* tool_use_response.json in Resources */,
			);
			runOnlyForDeploymentPostprocessing = 0;
		};
/* End PBXResourcesBuildPhase section */

/* Begin PBXSourcesBuildPhase section */
		97FAC4CCA15A870279432DCD /* Sources */ = {
			isa = PBXSourcesBuildPhase;
			buildActionMask = 2147483647;
			files = (
				18E0BD90DA59AC2CA56D1A74 /* APIClient.swift in Sources */,
				C2F31C37F44FE5E779744E71 /* AXActionTool.swift in Sources */,
				73FE72E8FD9B5E0BAFCCC503 /* AXFindTool.swift in Sources */,
				5B5BD891A7D47E9D38D404D0 /* AXProviding.swift in Sources */,
				6282667D1AC2BCABA8CB6923 /* AccessibilityService.swift in Sources */,
				E6D872FEB1A9DE14F1DCDA3A /* AccessibilityServiceImpl.swift in Sources */,
				A88548CBCF15ACDDAE8AED1E /* AnthropicProvider.swift in Sources */,
				58918C991FF9F6F4917F303E /* AppDelegate.swift in Sources */,
				8914FAA63E5D6F8EDAAACA68 /* AppListTool.swift in Sources */,
				9F19780AC2404E3DF96E4C27 /* AppOpenTool.swift in Sources */,
				09D98939BEBDB3C106CB5FF4 /* AppleScriptBackend.swift in Sources */,
				BAE0A5045468DB0507348453 /* AppleScriptDialect.swift in Sources */,
				B5A9B6D45858A0F7FC099921 /* BrowserBackend.swift in Sources */,
				27918F66C9905D8EA0C880A0 /* BrowserClickTool.swift in Sources */,
				850A432F9A331228F63FC3A0 /* BrowserDetecting.swift in Sources */,
				0BCAD0604D6A3D4A919FAEC6 /* BrowserDetector.swift in Sources */,
				644D65FBAA21CEA3AF468D76 /* BrowserError.swift in Sources */,
				146C6CC353A4C4F122503607 /* BrowserFindElementTool.swift in Sources */,
				CAFE0944BD7D39D7BF704D42 /* BrowserGetTextTool.swift in Sources */,
				94A058CDDFC880010A57082F /* BrowserGetURLTool.swift in Sources */,
				21876B3A22F5E6F1423C6626 /* BrowserNavigateTool.swift in Sources */,
				D2AF6489423D7E21E442D8DE /* BrowserRouter.swift in Sources */,
				EFFEEA13CC3EBF0F350C272F /* BrowserType.swift in Sources */,
				0A45EB0D12D636B15F174FD4 /* BrowserTypeTool.swift in Sources */,
				D5F71A04A65E45F4D8350571 /* BuiltInToolRegistration.swift in Sources */,
				3AB847BB51C251F009221A99 /* CDPBackendImpl.swift in Sources */,
				2FEB523D944A3E913C2E809E /* CDPBackendProtocol.swift in Sources */,
				2269E075A939B903EE6965E9 /* CDPDiscovery.swift in Sources */,
				579668786B500A5EEFA57E6B /* CDPTransport.swift in Sources */,
				05258E05DFD1D20122086594 /* CDPTypes.swift in Sources */,
				2F7457ECF1AB0CE2865F5E14 /* CGEventInputService.swift in Sources */,
				6747C9AC80DD5D725ECA6D94 /* ChatInputView.swift in Sources */,
				A180F871D25A95ED4D269941 /* ChatTypes.swift in Sources */,
				DBBD2CFDAD2DB5ED51F57540 /* ChatView.swift in Sources */,
				0ED60C5D582342D73B168262 /* ChatViewModel.swift in Sources */,
				0F2C75CED6774DFB30FC98DD /* ClipboardReadTool.swift in Sources */,
				B137D651426F66035E831162 /* ClipboardWriteTool.swift in Sources */,
				764F9995D3226A6A14ECA5CA /* ConfirmationDialog.swift in Sources */,
				42CA9AB06060DF4F5AB8D9EA /* ContextLockChecker.swift in Sources */,
				6E07D3EDB33B23CE349D31FD /* FileReadTool.swift in Sources */,
				502F996141AA840E89B243AC /* FileSearchTool.swift in Sources */,
				89D61B3DBE3F3681F3FAFD83 /* FileWriteTool.swift in Sources */,
				CA882393098C77CE7C5916EF /* GetUIStateTool.swift in Sources */,
				B2A18EBEAE885808E6A0F803 /* InputControlling.swift in Sources */,
				5003538F5D335AD8BCF4C386 /* InputSanitizer.swift in Sources */,
				B8C7F9F7F3CCF4EA527A4972 /* JARVISApp.swift in Sources */,
				04674CEC4A6624A302E94A26 /* JSONValue.swift in Sources */,
				90EB21024BF9F59440C8BBB4 /* KeyCodeMap.swift in Sources */,
				9D15B0DC8CAA3219E8D19E25 /* KeyboardShortcutTool.swift in Sources */,
				AF9501AC02A099574FE85243 /* KeyboardTypeTool.swift in Sources */,
				C64821CBD7E61DA5222CB84C /* KeychainHelper.swift in Sources */,
				F841FFBE3B4A1F86DEB31A61 /* Logger.swift in Sources */,
				55C4222E83F0F1787EF16DE2 /* MessageBubbleView.swift in Sources */,
				FAB1C3C764ED8F703E313309 /* ModelProvider.swift in Sources */,
				CAF338C48A47BD2DBBBBBC76 /* MouseClickTool.swift in Sources */,
				25283CD174E258DC98D39348 /* MouseMoveTool.swift in Sources */,
				843287DA75E6C25F8FC08B72 /* Orchestrator.swift in Sources */,
				9D48594C4779990F7F5B15A6 /* OrchestratorImpl.swift in Sources */,
				5FDDE2FF10F815F52664113A /* PolicyEngine.swift in Sources */,
				BCFECE44B18BE780066357A9 /* PolicyEngineImpl.swift in Sources */,
				A80567E96122B08DA9195B58 /* SSEParser.swift in Sources */,
				6CF41824E169FD7BCF08E1FA /* SchemaValidator.swift in Sources */,
				491ED461C1DE01800963D737 /* ScreenshotCache.swift in Sources */,
				6D9F6C2F5EFA26E88CBF6E98 /* ScreenshotProviding.swift in Sources */,
				7F3972F2C30E4214D16BB76A /* ScreenshotTool.swift in Sources */,
				436616DA8A7403B274E4BB52 /* SessionLogger.swift in Sources */,
				88870D46FF307C2F49004E32 /* StatusIndicatorView.swift in Sources */,
				88DDB80C7F97FB0FD2B77199 /* SystemAXProvider.swift in Sources */,
				C0D07D93B5B531C835283069 /* SystemInfoTool.swift in Sources */,
				EB989370FC8E088017900DEA /* SystemScreenshotProvider.swift in Sources */,
				6589FD2E3DEC53501DC0E997 /* ToolExecutor.swift in Sources */,
				2D5C6116A5ACB75B1D80E0F8 /* ToolRegistry.swift in Sources */,
				4DF8EFE6A7852A9F327DA816 /* ToolRegistryImpl.swift in Sources */,
				AC7220297180EC75C7A31876 /* Types.swift in Sources */,
				B89C3B14002A7C79BADC8E0D /* UIElementSnapshot.swift in Sources */,
				66D365D8B4581B22ACDD9554 /* UISnapshotFormatter.swift in Sources */,
				B0F5D12A8C4DF3086014B19A /* UIStateCache.swift in Sources */,
				5583262A258764BECFA9DD8E /* URLSessionCDPTransport.swift in Sources */,
				AB3E531E05D36CFEC6E5417C /* VisionAnalyzeTool.swift in Sources */,
				A6947660D59E8EB3C65A4B01 /* WindowListTool.swift in Sources */,
				B8C8980D3B2F8B5838A391BE /* WindowManageTool.swift in Sources */,
			);
			runOnlyForDeploymentPostprocessing = 0;
		};
		C550BAB77C6C391CF1583D42 /* Sources */ = {
			isa = PBXSourcesBuildPhase;
			buildActionMask = 2147483647;
			files = (
				9C296171C97E600E3C19E873 /* APIClientTests.swift in Sources */,
				9F5F115836A701822C3B2177 /* AXActionToolTests.swift in Sources */,
				BBC198A8242AF471D431801A /* AXFindToolTests.swift in Sources */,
				7A4CAC1D9D293886B488CC2A /* AXToolsIntegrationTests.swift in Sources */,
				545D9B5E07F69C1206C0B5A1 /* AccessibilityServiceActionTests.swift in Sources */,
				FA432EE0C0EB976008DA5AB6 /* AccessibilityServiceTests.swift in Sources */,
				E1EA5041F1A8F1AE254E6BEE /* AnthropicProviderTests.swift in Sources */,
				ECF2F79FC7C48FAAD14469D5 /* AppListToolTests.swift in Sources */,
				98B9C14D05316F2E9F73F533 /* AppOpenToolTests.swift in Sources */,
				041D42BE1BCEE26F24F684A2 /* AppleScriptBackendDialectTests.swift in Sources */,
				CA6CC9BD183666128867F189 /* AppleScriptBackendTests.swift in Sources */,
				CA93D7422E68C4E7E0B82967 /* AppleScriptDialectTests.swift in Sources */,
				D703313BD39F8ACCB53AA455 /* BrowserDetectorTests.swift in Sources */,
				13CF468FC069169AFB0A6006 /* BrowserErrorLocalizationTests.swift in Sources */,
				3867EB97503F2CE61C1513B5 /* BrowserRouterFallbackTests.swift in Sources */,
				265446482BA8F4C1C16D242B /* BrowserRouterTests.swift in Sources */,
				C42CC086D5F9F305B3B07CC1 /* BrowserToolTests.swift in Sources */,
				01A9E1A7336DDAB9C932AC02 /* BrowserToolsIntegrationTests.swift in Sources */,
				5DE1EC1A8FBA3587F474FBDB /* BuiltInToolsIntegrationTests.swift in Sources */,
				ECFE3A93DA74F55218C98117 /* CDPBackendTests.swift in Sources */,
				DBB1C5F2958FAE7916B98D6C /* CDPDiscoveryTests.swift in Sources */,
				995B10E69FB4C98AD750B50A /* CDPErrorLocalizationTests.swift in Sources */,
				AE53585F0502F6107C96FF5D /* ChatViewModelTests.swift in Sources */,
				0B8AD96C2B37E4835003349E /* ClipboardToolTests.swift in Sources */,
				66DE023E4A4328609C0ADD79 /* ContextLockCheckerTests.swift in Sources */,
				220D450427408061718D1B0E /* FileReadToolTests.swift in Sources */,
				9E475E46A9DF0728740CEA78 /* FileSearchToolTests.swift in Sources */,
				67C56D87276E77958C03BEF6 /* FileWriteToolTests.swift in Sources */,
				632BCAD08A6B8073A1625C35 /* GetUIStateToolTests.swift in Sources */,
				D6307738304C663FC481FA06 /* InputSanitizerTests.swift in Sources */,
				C6C7E9861349A42EF52A0846 /* InputToolsIntegrationTests.swift in Sources */,
				94307DD72D24C05AF7E3FAF4 /* KeyCodeMapTests.swift in Sources */,
				28139761138B21B8102A8500 /* KeyboardShortcutToolTests.swift in Sources */,
				AA0C3A3D42FF0802F479F6FB /* KeyboardTypeToolTests.swift in Sources */,
				2B982DA7FBC0EEDC988D7E07 /* KeychainHelperTests.swift in Sources */,
				A622A278BE0E8E3733F1D189 /* LoggerTests.swift in Sources */,
				048027A19F7EBF6AACEAB84E /* MockAPIClient.swift in Sources */,
				DC03D3E48EF6FB39B9E57792 /* MockAXProvider.swift in Sources */,
				2BD848A6EB981A2D34EF1003 /* MockAccessibilityService.swift in Sources */,
				77E6E63DA1FC09C1D7EE9AB6 /* MockBrowserBackend.swift in Sources */,
				A7434281B010CF45D7FD6B0B /* MockBrowserDetector.swift in Sources */,
				D61C28EF3B144A5915DCBD3D /* MockCDPBackend.swift in Sources */,
				220089A18CA3D0447C4B33B5 /* MockCDPDiscovery.swift in Sources */,
				CDF87E6A1CF455F86E29BE41 /* MockCDPTransport.swift in Sources */,
				B3F51330CF4BE5C7B975881E /* MockInputService.swift in Sources */,
				6FB3F478B609DC31D5116875 /* MockKeychainHelper.swift in Sources */,
				B10F1A64AB6CF3C6C831ED03 /* MockModelProvider.swift in Sources */,
				2D3382DAD23A8817DAF96074 /* MockModelProviderTests.swift in Sources */,
				3484E2C96443372C34561D38 /* MockOrchestrator.swift in Sources */,
				2BB059D0C28914D5913480E5 /* MockPolicyEngine.swift in Sources */,
				CB8E58ED65F4E9499E97D1B7 /* MockScreenshotProvider.swift in Sources */,
				757D24A9BEC175AD6FA150B1 /* MockSessionLogger.swift in Sources */,
				D43468EAFA53FFA0286069AD /* MouseClickToolTests.swift in Sources */,
				1294A05A606CE2B1F13997EC /* MouseMoveToolTests.swift in Sources */,
				DC6116FFC48E21DF684BEA69 /* OrchestratorIntegrationTests.swift in Sources */,
				F466442D8E27371A356B5C3D /* OrchestratorStreamingTests.swift in Sources */,
				D2042B75CADEDFB9F10CB532 /* OrchestratorTests.swift in Sources */,
				62808B511820269F6BEC4428 /* PlaceholderTests.swift in Sources */,
				4417A1CCFDEE389AB47EF8E7 /* PolicyEngineTests.swift in Sources */,
				DCC3A4F39F7E1D5B6FB0AB3E /* SSEParserTests.swift in Sources */,
				D217CCD5BB0F122A137E59C0 /* SchemaValidatorTests.swift in Sources */,
				46031634DE95326D783DCBBB /* ScreenshotCacheTests.swift in Sources */,
				D9D27F7152E67AD185EAC036 /* ScreenshotToolTests.swift in Sources */,
				16CDF119BA028D0001A4C633 /* ScreenshotToolsIntegrationTests.swift in Sources */,
				A7B2623213A7FA446ECADF76 /* SessionLoggerIntegrationTests.swift in Sources */,
				E4B8B4DE7C9CD35A7DBBFD5E /* StubToolExecutor.swift in Sources */,
				600750DFCF671E4920EEAEE3 /* SystemInfoToolTests.swift in Sources */,
				001585210901F9EB3FB57EBD /* TestFixtures.swift in Sources */,
				FAB1C0A9E323C8508CD256D7 /* ToolRegistryTests.swift in Sources */,
				DD8DC7E296EFFE93A9E444F7 /* TypesTests.swift in Sources */,
				CE425B58390A3AAA37729D1D /* UIElementSnapshotTests.swift in Sources */,
				FF49868E187506E5551C4D77 /* UISnapshotFormatterTests.swift in Sources */,
				7947C447A72D167E1477C6A2 /* UIStateCacheTests.swift in Sources */,
				48A93EE51E1826EE00E0322E /* VisionAnalyzeToolTests.swift in Sources */,
				A4242ABF8E6F7536D99BD38E /* WindowListToolTests.swift in Sources */,
				87D45D9FAEF3CD2A6191C932 /* WindowManageToolTests.swift in Sources */,
			);
			runOnlyForDeploymentPostprocessing = 0;
		};
/* End PBXSourcesBuildPhase section */

/* Begin PBXTargetDependency section */
		C8865D160E9AF31BC2DE0DBB /* PBXTargetDependency */ = {
			isa = PBXTargetDependency;
			target = 0F6CA2CF9091CE89DFF72E1D /* JARVIS */;
			targetProxy = 04227B150CEE52ECF8078191 /* PBXContainerItemProxy */;
		};
/* End PBXTargetDependency section */

/* Begin XCBuildConfiguration section */
		0DB371BF75A7AB814B0120D8 /* Release */ = {
			isa = XCBuildConfiguration;
			buildSettings = {
				BUNDLE_LOADER = "$(TEST_HOST)";
				COMBINE_HIDPI_IMAGES = YES;
				GENERATE_INFOPLIST_FILE = YES;
				LD_RUNPATH_SEARCH_PATHS = (
					"$(inherited)",
					"@executable_path/../Frameworks",
					"@loader_path/../Frameworks",
				);
				PRODUCT_BUNDLE_IDENTIFIER = com.aidaemon.JARVISTests;
				SDKROOT = macosx;
				SWIFT_VERSION = 5.0;
				TEST_HOST = "$(BUILT_PRODUCTS_DIR)/JARVIS.app/Contents/MacOS/JARVIS";
			};
			name = Release;
		};
		6C6C6DBE34ABE409C1C9C0EF /* Debug */ = {
			isa = XCBuildConfiguration;
			buildSettings = {
				BUNDLE_LOADER = "$(TEST_HOST)";
				COMBINE_HIDPI_IMAGES = YES;
				GENERATE_INFOPLIST_FILE = YES;
				LD_RUNPATH_SEARCH_PATHS = (
					"$(inherited)",
					"@executable_path/../Frameworks",
					"@loader_path/../Frameworks",
				);
				PRODUCT_BUNDLE_IDENTIFIER = com.aidaemon.JARVISTests;
				SDKROOT = macosx;
				SWIFT_VERSION = 5.0;
				TEST_HOST = "$(BUILT_PRODUCTS_DIR)/JARVIS.app/Contents/MacOS/JARVIS";
			};
			name = Debug;
		};
		789C7D2D89E9496D7F4047BA /* Debug */ = {
			isa = XCBuildConfiguration;
			buildSettings = {
				ALWAYS_SEARCH_USER_PATHS = NO;
				CLANG_ANALYZER_NONNULL = YES;
				CLANG_ANALYZER_NUMBER_OBJECT_CONVERSION = YES_AGGRESSIVE;
				CLANG_CXX_LANGUAGE_STANDARD = "gnu++14";
				CLANG_CXX_LIBRARY = "libc++";
				CLANG_ENABLE_MODULES = YES;
				CLANG_ENABLE_OBJC_ARC = YES;
				CLANG_ENABLE_OBJC_WEAK = YES;
				CLANG_WARN_BLOCK_CAPTURE_AUTORELEASING = YES;
				CLANG_WARN_BOOL_CONVERSION = YES;
				CLANG_WARN_COMMA = YES;
				CLANG_WARN_CONSTANT_CONVERSION = YES;
				CLANG_WARN_DEPRECATED_OBJC_IMPLEMENTATIONS = YES;
				CLANG_WARN_DIRECT_OBJC_ISA_USAGE = YES_ERROR;
				CLANG_WARN_DOCUMENTATION_COMMENTS = YES;
				CLANG_WARN_EMPTY_BODY = YES;
				CLANG_WARN_ENUM_CONVERSION = YES;
				CLANG_WARN_INFINITE_RECURSION = YES;
				CLANG_WARN_INT_CONVERSION = YES;
				CLANG_WARN_NON_LITERAL_NULL_CONVERSION = YES;
				CLANG_WARN_OBJC_IMPLICIT_RETAIN_SELF = YES;
				CLANG_WARN_OBJC_LITERAL_CONVERSION = YES;
				CLANG_WARN_OBJC_ROOT_CLASS = YES_ERROR;
				CLANG_WARN_QUOTED_INCLUDE_IN_FRAMEWORK_HEADER = YES;
				CLANG_WARN_RANGE_LOOP_ANALYSIS = YES;
				CLANG_WARN_STRICT_PROTOTYPES = YES;
				CLANG_WARN_SUSPICIOUS_MOVE = YES;
				CLANG_WARN_UNGUARDED_AVAILABILITY = YES_AGGRESSIVE;
				CLANG_WARN_UNREACHABLE_CODE = YES;
				CLANG_WARN__DUPLICATE_METHOD_MATCH = YES;
				COPY_PHASE_STRIP = NO;
				DEBUG_INFORMATION_FORMAT = dwarf;
				ENABLE_STRICT_OBJC_MSGSEND = YES;
				ENABLE_TESTABILITY = YES;
				GCC_C_LANGUAGE_STANDARD = gnu11;
				GCC_DYNAMIC_NO_PIC = NO;
				GCC_NO_COMMON_BLOCKS = YES;
				GCC_OPTIMIZATION_LEVEL = 0;
				GCC_PREPROCESSOR_DEFINITIONS = (
					"$(inherited)",
					"DEBUG=1",
				);
				GCC_WARN_64_TO_32_BIT_CONVERSION = YES;
				GCC_WARN_ABOUT_RETURN_TYPE = YES_ERROR;
				GCC_WARN_UNDECLARED_SELECTOR = YES;
				GCC_WARN_UNINITIALIZED_AUTOS = YES_AGGRESSIVE;
				GCC_WARN_UNUSED_FUNCTION = YES;
				GCC_WARN_UNUSED_VARIABLE = YES;
				MACOSX_DEPLOYMENT_TARGET = 14.0;
				MTL_ENABLE_DEBUG_INFO = INCLUDE_SOURCE;
				MTL_FAST_MATH = YES;
				ONLY_ACTIVE_ARCH = YES;
				PRODUCT_NAME = "$(TARGET_NAME)";
				SDKROOT = macosx;
				SWIFT_ACTIVE_COMPILATION_CONDITIONS = DEBUG;
				SWIFT_OPTIMIZATION_LEVEL = "-Onone";
				SWIFT_VERSION = 5.0;
			};
			name = Debug;
		};
		AFEF043A2D3BCC64F0188D02 /* Debug */ = {
			isa = XCBuildConfiguration;
			buildSettings = {
				ASSETCATALOG_COMPILER_APPICON_NAME = AppIcon;
				CODE_SIGN_ENTITLEMENTS = JARVIS/JARVIS.entitlements;
				CODE_SIGN_IDENTITY = "Apple Development";
				CODE_SIGN_STYLE = Automatic;
				COMBINE_HIDPI_IMAGES = YES;
				CURRENT_PROJECT_VERSION = 1;
				DEVELOPMENT_TEAM = 2AU9UU8X4D;
				GENERATE_INFOPLIST_FILE = NO;
				INFOPLIST_FILE = JARVIS/Info.plist;
				LD_RUNPATH_SEARCH_PATHS = (
					"$(inherited)",
					"@executable_path/../Frameworks",
				);
				MARKETING_VERSION = 0.1.0;
				PRODUCT_BUNDLE_IDENTIFIER = com.aidaemon;
				SDKROOT = macosx;
				SWIFT_VERSION = 5.0;
			};
			name = Debug;
		};
		B7154B6483D311E0941D0D6D /* Release */ = {
			isa = XCBuildConfiguration;
			buildSettings = {
				ALWAYS_SEARCH_USER_PATHS = NO;
				CLANG_ANALYZER_NONNULL = YES;
				CLANG_ANALYZER_NUMBER_OBJECT_CONVERSION = YES_AGGRESSIVE;
				CLANG_CXX_LANGUAGE_STANDARD = "gnu++14";
				CLANG_CXX_LIBRARY = "libc++";
				CLANG_ENABLE_MODULES = YES;
				CLANG_ENABLE_OBJC_ARC = YES;
				CLANG_ENABLE_OBJC_WEAK = YES;
				CLANG_WARN_BLOCK_CAPTURE_AUTORELEASING = YES;
				CLANG_WARN_BOOL_CONVERSION = YES;
				CLANG_WARN_COMMA = YES;
				CLANG_WARN_CONSTANT_CONVERSION = YES;
				CLANG_WARN_DEPRECATED_OBJC_IMPLEMENTATIONS = YES;
				CLANG_WARN_DIRECT_OBJC_ISA_USAGE = YES_ERROR;
				CLANG_WARN_DOCUMENTATION_COMMENTS = YES;
				CLANG_WARN_EMPTY_BODY = YES;
				CLANG_WARN_ENUM_CONVERSION = YES;
				CLANG_WARN_INFINITE_RECURSION = YES;
				CLANG_WARN_INT_CONVERSION = YES;
				CLANG_WARN_NON_LITERAL_NULL_CONVERSION = YES;
				CLANG_WARN_OBJC_IMPLICIT_RETAIN_SELF = YES;
				CLANG_WARN_OBJC_LITERAL_CONVERSION = YES;
				CLANG_WARN_OBJC_ROOT_CLASS = YES_ERROR;
				CLANG_WARN_QUOTED_INCLUDE_IN_FRAMEWORK_HEADER = YES;
				CLANG_WARN_RANGE_LOOP_ANALYSIS = YES;
				CLANG_WARN_STRICT_PROTOTYPES = YES;
				CLANG_WARN_SUSPICIOUS_MOVE = YES;
				CLANG_WARN_UNGUARDED_AVAILABILITY = YES_AGGRESSIVE;
				CLANG_WARN_UNREACHABLE_CODE = YES;
				CLANG_WARN__DUPLICATE_METHOD_MATCH = YES;
				COPY_PHASE_STRIP = NO;
				DEBUG_INFORMATION_FORMAT = "dwarf-with-dsym";
				ENABLE_NS_ASSERTIONS = NO;
				ENABLE_STRICT_OBJC_MSGSEND = YES;
				GCC_C_LANGUAGE_STANDARD = gnu11;
				GCC_NO_COMMON_BLOCKS = YES;
				GCC_WARN_64_TO_32_BIT_CONVERSION = YES;
				GCC_WARN_ABOUT_RETURN_TYPE = YES_ERROR;
				GCC_WARN_UNDECLARED_SELECTOR = YES;
				GCC_WARN_UNINITIALIZED_AUTOS = YES_AGGRESSIVE;
				GCC_WARN_UNUSED_FUNCTION = YES;
				GCC_WARN_UNUSED_VARIABLE = YES;
				MACOSX_DEPLOYMENT_TARGET = 14.0;
				MTL_ENABLE_DEBUG_INFO = NO;
				MTL_FAST_MATH = YES;
				PRODUCT_NAME = "$(TARGET_NAME)";
				SDKROOT = macosx;
				SWIFT_COMPILATION_MODE = wholemodule;
				SWIFT_OPTIMIZATION_LEVEL = "-O";
				SWIFT_VERSION = 5.0;
			};
			name = Release;
		};
		D444A73AFAB87D349E01858F /* Release */ = {
			isa = XCBuildConfiguration;
			buildSettings = {
				ASSETCATALOG_COMPILER_APPICON_NAME = AppIcon;
				CODE_SIGN_ENTITLEMENTS = JARVIS/JARVIS.entitlements;
				CODE_SIGN_IDENTITY = "Apple Development";
				CODE_SIGN_STYLE = Automatic;
				COMBINE_HIDPI_IMAGES = YES;
				CURRENT_PROJECT_VERSION = 1;
				DEVELOPMENT_TEAM = 2AU9UU8X4D;
				GENERATE_INFOPLIST_FILE = NO;
				INFOPLIST_FILE = JARVIS/Info.plist;
				LD_RUNPATH_SEARCH_PATHS = (
					"$(inherited)",
					"@executable_path/../Frameworks",
				);
				MARKETING_VERSION = 0.1.0;
				PRODUCT_BUNDLE_IDENTIFIER = com.aidaemon;
				SDKROOT = macosx;
				SWIFT_VERSION = 5.0;
			};
			name = Release;
		};
/* End XCBuildConfiguration section */

/* Begin XCConfigurationList section */
		4AEE4371E844050FDDCC7D67 /* Build configuration list for PBXNativeTarget "JARVIS" */ = {
			isa = XCConfigurationList;
			buildConfigurations = (
				AFEF043A2D3BCC64F0188D02 /* Debug */,
				D444A73AFAB87D349E01858F /* Release */,
			);
			defaultConfigurationIsVisible = 0;
			defaultConfigurationName = Debug;
		};
		5923FD4400A2F84204E922DD /* Build configuration list for PBXNativeTarget "JARVISTests" */ = {
			isa = XCConfigurationList;
			buildConfigurations = (
				6C6C6DBE34ABE409C1C9C0EF /* Debug */,
				0DB371BF75A7AB814B0120D8 /* Release */,
			);
			defaultConfigurationIsVisible = 0;
			defaultConfigurationName = Debug;
		};
		E441122F760D220AA6AA3E06 /* Build configuration list for PBXProject "JARVIS" */ = {
			isa = XCConfigurationList;
			buildConfigurations = (
				789C7D2D89E9496D7F4047BA /* Debug */,
				B7154B6483D311E0941D0D6D /* Release */,
			);
			defaultConfigurationIsVisible = 0;
			defaultConfigurationName = Debug;
		};
/* End XCConfigurationList section */

/* Begin XCRemoteSwiftPackageReference section */
		708A46F0EBFBF31DDD85FBA4 /* XCRemoteSwiftPackageReference "KeyboardShortcuts" */ = {
			isa = XCRemoteSwiftPackageReference;
			repositoryURL = "https://github.com/sindresorhus/KeyboardShortcuts";
			requirement = {
				kind = upToNextMajorVersion;
				minimumVersion = 2.0.0;
			};
		};
		E3CF08CD924F91C92E5488BC /* XCRemoteSwiftPackageReference "Sparkle" */ = {
			isa = XCRemoteSwiftPackageReference;
			repositoryURL = "https://github.com/sparkle-project/Sparkle";
			requirement = {
				kind = upToNextMajorVersion;
				minimumVersion = 2.0.0;
			};
		};
/* End XCRemoteSwiftPackageReference section */

/* Begin XCSwiftPackageProductDependency section */
		ABC69980C1896394985E921D /* Sparkle */ = {
			isa = XCSwiftPackageProductDependency;
			package = E3CF08CD924F91C92E5488BC /* XCRemoteSwiftPackageReference "Sparkle" */;
			productName = Sparkle;
		};
		D3B487FF07E678A7DB166CC8 /* KeyboardShortcuts */ = {
			isa = XCSwiftPackageProductDependency;
			package = 708A46F0EBFBF31DDD85FBA4 /* XCRemoteSwiftPackageReference "KeyboardShortcuts" */;
			productName = KeyboardShortcuts;
		};
/* End XCSwiftPackageProductDependency section */
	};
	rootObject = ADD63BE4B2357052078A3C83 /* Project object */;
}
